<?xml version="1.0" encoding="utf-8"?>
<Project ToolsVersion="4.0" xmlns="http://schemas.microsoft.com/developer/msbuild/2003">
  <ItemGroup>
    <ClCompile Include="src\ofApp.cpp">
      <Filter>src</Filter>
    </ClCompile>
    <ClCompile Include="src\main.cpp">
      <Filter>src</Filter>
    </ClCompile>
    <ClCompile Include="..\addons\ofxGui\src\ofxBaseGui.cpp">
      <Filter>addons\ofxGui\src</Filter>
    </ClCompile>
    <ClCompile Include="..\addons\ofxGui\src\ofxButton.cpp">
      <Filter>addons\ofxGui\src</Filter>
    </ClCompile>
    <ClCompile Include="..\addons\ofxGui\src\ofxGuiGroup.cpp">
      <Filter>addons\ofxGui\src</Filter>
    </ClCompile>
    <ClCompile Include="..\addons\ofxGui\src\ofxLabel.cpp">
      <Filter>addons\ofxGui\src</Filter>
    </ClCompile>
    <ClCompile Include="..\addons\ofxGui\src\ofxPanel.cpp">
      <Filter>addons\ofxGui\src</Filter>
    </ClCompile>
    <ClCompile Include="..\addons\ofxGui\src\ofxSlider.cpp">
      <Filter>addons\ofxGui\src</Filter>
    </ClCompile>
    <ClCompile Include="..\addons\ofxGui\src\ofxSliderGroup.cpp">
      <Filter>addons\ofxGui\src</Filter>
    </ClCompile>
    <ClCompile Include="..\addons\ofxGui\src\ofxToggle.cpp">
      <Filter>addons\ofxGui\src</Filter>
    </ClCompile>
    <ClCompile Include="src\Structure.cpp">
      <Filter>src\Structure</Filter>
    </ClCompile>
    <ClCompile Include="src\StructureImage.cpp">
      <Filter>src\Structure</Filter>
    </ClCompile>
    <ClCompile Include="src\StructurePivot.cpp">
      <Filter>src\Structure</Filter>
    </ClCompile>
    <ClCompile Include="src\Tool.cpp">
      <Filter>src\Tools</Filter>
    </ClCompile>
    <ClCompile Include="src\ImageEditTool.cpp">
      <Filter>src\Tools</Filter>
    </ClCompile>
    <ClCompile Include="src\StructureExportTool.cpp">
      <Filter>src\Tools</Filter>
    </ClCompile>
    <ClCompile Include="src\ImageImportTool.cpp">
      <Filter>src\Tools</Filter>
    </ClCompile>
    <ClCompile Include="src\StructureImportTool.cpp">
      <Filter>src\Tools</Filter>
    </ClCompile>
    <ClCompile Include="src\StructureCollision.cpp">
      <Filter>src\Structure</Filter>
    </ClCompile>
    <ClCompile Include="src\CollisionEditTool.cpp">
      <Filter>src\Tools</Filter>
    </ClCompile>
    <ClCompile Include="src\pugixml.cpp">
      <Filter>src\pugixml</Filter>
    </ClCompile>
  </ItemGroup>
  <ItemGroup>
    <Filter Include="src">
      <UniqueIdentifier>{d8376475-7454-4a24-b08a-aac121d3ad6f}</UniqueIdentifier>
    </Filter>
    <Filter Include="addons">
      <UniqueIdentifier>{71834F65-F3A9-211E-73B8-DC85}</UniqueIdentifier>
    </Filter>
    <Filter Include="addons\ofxGui">
      <UniqueIdentifier>{4F2A59AF-5F4E-704B-D067-EC13}</UniqueIdentifier>
    </Filter>
    <Filter Include="addons\ofxGui\src">
      <UniqueIdentifier>{645E9533-4DCD-6179-1CDF-CB65}</UniqueIdentifier>
    </Filter>
    <Filter Include="src\Structure">
      <UniqueIdentifier>{905d65fb-06e4-4b91-bb43-9429b7b8d1fe}</UniqueIdentifier>
    </Filter>
    <Filter Include="src\Tools">
      <UniqueIdentifier>{7265e4d4-7755-4409-90bf-04e524d013ad}</UniqueIdentifier>
    </Filter>
    <Filter Include="src\pugixml">
      <UniqueIdentifier>{50b3f20a-fc92-46b5-aca6-9077ef0a2b95}</UniqueIdentifier>
    </Filter>
  </ItemGroup>
  <ItemGroup>
    <ClInclude Include="src\ofApp.h">
      <Filter>src</Filter>
    </ClInclude>
    <ClInclude Include="..\addons\ofxGui\src\ofxBaseGui.h">
      <Filter>addons\ofxGui\src</Filter>
    </ClInclude>
    <ClInclude Include="..\addons\ofxGui\src\ofxButton.h">
      <Filter>addons\ofxGui\src</Filter>
    </ClInclude>
    <ClInclude Include="..\addons\ofxGui\src\ofxGui.h">
      <Filter>addons\ofxGui\src</Filter>
    </ClInclude>
    <ClInclude Include="..\addons\ofxGui\src\ofxGuiGroup.h">
      <Filter>addons\ofxGui\src</Filter>
    </ClInclude>
    <ClInclude Include="..\addons\ofxGui\src\ofxLabel.h">
      <Filter>addons\ofxGui\src</Filter>
    </ClInclude>
    <ClInclude Include="..\addons\ofxGui\src\ofxPanel.h">
      <Filter>addons\ofxGui\src</Filter>
    </ClInclude>
    <ClInclude Include="..\addons\ofxGui\src\ofxSlider.h">
      <Filter>addons\ofxGui\src</Filter>
    </ClInclude>
    <ClInclude Include="..\addons\ofxGui\src\ofxSliderGroup.h">
      <Filter>addons\ofxGui\src</Filter>
    </ClInclude>
    <ClInclude Include="..\addons\ofxGui\src\ofxToggle.h">
      <Filter>addons\ofxGui\src</Filter>
    </ClInclude>
    <ClInclude Include="src\Structure.h">
      <Filter>src\Structure</Filter>
    </ClInclude>
    <ClInclude Include="src\StructureImage.h">
      <Filter>src\Structure</Filter>
    </ClInclude>
    <ClInclude Include="src\StructurePivot.h">
      <Filter>src\Structure</Filter>
    </ClInclude>
    <ClInclude Include="src\Tool.h">
      <Filter>src\Tools</Filter>
    </ClInclude>
    <ClInclude Include="src\ImageEditTool.h">
      <Filter>src\Tools</Filter>
    </ClInclude>
    <ClInclude Include="src\StructureExportTool.h">
      <Filter>src\Tools</Filter>
    </ClInclude>
    <ClInclude Include="src\ImageImportTool.h">
      <Filter>src\Tools</Filter>
    </ClInclude>
    <ClInclude Include="src\StructureImportTool.h">
      <Filter>src\Tools</Filter>
    </ClInclude>
    <ClInclude Include="src\StructureCollision.h">
      <Filter>src\Structure</Filter>
    </ClInclude>
    <ClInclude Include="src\CollisionEditTool.h">
      <Filter>src\Tools</Filter>
    </ClInclude>
    <ClInclude Include="src\pugiconfig.hpp">
      <Filter>src\pugixml</Filter>
    </ClInclude>
    <ClInclude Include="src\pugixml.hpp">
      <Filter>src\pugixml</Filter>
    </ClInclude>
  </ItemGroup>
  <ItemGroup>
    <ResourceCompile Include="icon.rc" />
  </ItemGroup>
</Project>