<?xml version="1.0" encoding="utf-8"?>
<Project ToolsVersion="4.0" xmlns="http://schemas.microsoft.com/developer/msbuild/2003">
  <ItemGroup>
    <ClCompile Include="src\ofApp.cpp">
      <Filter>src</Filter>
    </ClCompile>
    <ClCompile Include="src\main.cpp">
      <Filter>src</Filter>
    </ClCompile>
    <ClCompile Include="..\addons\ofxRecast\InputGeom.cpp">
      <Filter>addons\ofxRecast</Filter>
    </ClCompile>
    <ClCompile Include="..\addons\ofxRecast\NavMesh.cpp">
      <Filter>addons\ofxRecast</Filter>
    </ClCompile>
    <ClCompile Include="..\addons\ofxRecast\NavMeshRender.cpp">
      <Filter>addons\ofxRecast</Filter>
    </ClCompile>
    <ClCompile Include="..\addons\ofxRecast\RecastHelper.cpp">
      <Filter>addons\ofxRecast</Filter>
    </ClCompile>
    <ClCompile Include="..\addons\ofxRecast\fastlz\fastlz.c">
      <Filter>addons\ofxRecast\fastlz</Filter>
    </ClCompile>
    <ClCompile Include="..\addons\ofxRecast\recastnavigation\DebugUtils\Source\DebugDraw.cpp">
      <Filter>addons\ofxRecast\recastnavigation\DebugUtils</Filter>
    </ClCompile>
    <ClCompile Include="..\addons\ofxRecast\recastnavigation\DebugUtils\Source\DetourDebugDraw.cpp">
      <Filter>addons\ofxRecast\recastnavigation\DebugUtils</Filter>
    </ClCompile>
    <ClCompile Include="..\addons\ofxRecast\recastnavigation\DebugUtils\Source\RecastDebugDraw.cpp">
      <Filter>addons\ofxRecast\recastnavigation\DebugUtils</Filter>
    </ClCompile>
    <ClCompile Include="..\addons\ofxRecast\recastnavigation\DebugUtils\Source\RecastDump.cpp">
      <Filter>addons\ofxRecast\recastnavigation\DebugUtils</Filter>
    </ClCompile>
    <ClCompile Include="..\addons\ofxRecast\recastnavigation\Recast\Source\Recast.cpp">
      <Filter>addons\ofxRecast\recastnavigation\Recast</Filter>
    </ClCompile>
    <ClCompile Include="..\addons\ofxRecast\recastnavigation\Recast\Source\RecastAlloc.cpp">
      <Filter>addons\ofxRecast\recastnavigation\Recast</Filter>
    </ClCompile>
    <ClCompile Include="..\addons\ofxRecast\recastnavigation\Recast\Source\RecastArea.cpp">
      <Filter>addons\ofxRecast\recastnavigation\Recast</Filter>
    </ClCompile>
    <ClCompile Include="..\addons\ofxRecast\recastnavigation\Recast\Source\RecastContour.cpp">
      <Filter>addons\ofxRecast\recastnavigation\Recast</Filter>
    </ClCompile>
    <ClCompile Include="..\addons\ofxRecast\recastnavigation\Recast\Source\RecastFilter.cpp">
      <Filter>addons\ofxRecast\recastnavigation\Recast</Filter>
    </ClCompile>
    <ClCompile Include="..\addons\ofxRecast\recastnavigation\Recast\Source\RecastLayers.cpp">
      <Filter>addons\ofxRecast\recastnavigation\Recast</Filter>
    </ClCompile>
    <ClCompile Include="..\addons\ofxRecast\recastnavigation\Recast\Source\RecastMesh.cpp">
      <Filter>addons\ofxRecast\recastnavigation\Recast</Filter>
    </ClCompile>
    <ClCompile Include="..\addons\ofxRecast\recastnavigation\Recast\Source\RecastMeshDetail.cpp">
      <Filter>addons\ofxRecast\recastnavigation\Recast</Filter>
    </ClCompile>
    <ClCompile Include="..\addons\ofxRecast\recastnavigation\Recast\Source\RecastRasterization.cpp">
      <Filter>addons\ofxRecast\recastnavigation\Recast</Filter>
    </ClCompile>
    <ClCompile Include="..\addons\ofxRecast\recastnavigation\Recast\Source\RecastRegion.cpp">
      <Filter>addons\ofxRecast\recastnavigation\Recast</Filter>
    </ClCompile>
    <ClCompile Include="..\addons\ofxRecast\recastnavigation\DetourTileCache\Source\DetourTileCache.cpp">
      <Filter>addons\ofxRecast\recastnavigation\DetourTileCache</Filter>
    </ClCompile>
    <ClCompile Include="..\addons\ofxRecast\recastnavigation\DetourTileCache\Source\DetourTileCacheBuilder.cpp">
      <Filter>addons\ofxRecast\recastnavigation\DetourTileCache</Filter>
    </ClCompile>
    <ClCompile Include="..\addons\ofxRecast\recastnavigation\DetourCrowd\Source\DetourCrowd.cpp">
      <Filter>addons\ofxRecast\recastnavigation\DetourCrowd</Filter>
    </ClCompile>
    <ClCompile Include="..\addons\ofxRecast\recastnavigation\DetourCrowd\Source\DetourLocalBoundary.cpp">
      <Filter>addons\ofxRecast\recastnavigation\DetourCrowd</Filter>
    </ClCompile>
    <ClCompile Include="..\addons\ofxRecast\recastnavigation\DetourCrowd\Source\DetourObstacleAvoidance.cpp">
      <Filter>addons\ofxRecast\recastnavigation\DetourCrowd</Filter>
    </ClCompile>
    <ClCompile Include="..\addons\ofxRecast\recastnavigation\DetourCrowd\Source\DetourPathCorridor.cpp">
      <Filter>addons\ofxRecast\recastnavigation\DetourCrowd</Filter>
    </ClCompile>
    <ClCompile Include="..\addons\ofxRecast\recastnavigation\DetourCrowd\Source\DetourPathQueue.cpp">
      <Filter>addons\ofxRecast\recastnavigation\DetourCrowd</Filter>
    </ClCompile>
    <ClCompile Include="..\addons\ofxRecast\recastnavigation\DetourCrowd\Source\DetourProximityGrid.cpp">
      <Filter>addons\ofxRecast\recastnavigation\DetourCrowd</Filter>
    </ClCompile>
    <ClCompile Include="..\addons\ofxRecast\recastnavigation\Detour\Source\DetourAlloc.cpp">
      <Filter>addons\ofxRecast\recastnavigation\Detour</Filter>
    </ClCompile>
    <ClCompile Include="..\addons\ofxRecast\recastnavigation\Detour\Source\DetourCommon.cpp">
      <Filter>addons\ofxRecast\recastnavigation\Detour</Filter>
    </ClCompile>
    <ClCompile Include="..\addons\ofxRecast\recastnavigation\Detour\Source\DetourNavMesh.cpp">
      <Filter>addons\ofxRecast\recastnavigation\Detour</Filter>
    </ClCompile>
    <ClCompile Include="..\addons\ofxRecast\recastnavigation\Detour\Source\DetourNavMeshBuilder.cpp">
      <Filter>addons\ofxRecast\recastnavigation\Detour</Filter>
    </ClCompile>
    <ClCompile Include="..\addons\ofxRecast\recastnavigation\Detour\Source\DetourNavMeshQuery.cpp">
      <Filter>addons\ofxRecast\recastnavigation\Detour</Filter>
    </ClCompile>
    <ClCompile Include="..\addons\ofxRecast\recastnavigation\Detour\Source\DetourNode.cpp">
      <Filter>addons\ofxRecast\recastnavigation\Detour</Filter>
    </ClCompile>
    <ClCompile Include="..\addons\ofxSpriteRenderer\ofxSpriteRenderer.cpp">
      <Filter>addons\ofxSpriteRenderer</Filter>
    </ClCompile>
    <ClCompile Include="..\addons\ofxSpriteRenderer\ofxSpriteAnimation.cpp">
      <Filter>addons\ofxSpriteRenderer</Filter>
    </ClCompile>
    <ClCompile Include="..\addons\ofxSpriteRenderer\ofxSpriteCommand.cpp">
      <Filter>addons\ofxSpriteRenderer</Filter>
    </ClCompile>
    <ClCompile Include="..\addons\ofxSpriteRenderer\ofxSpriteQuad.cpp">
      <Filter>addons\ofxSpriteRenderer</Filter>
    </ClCompile>
    <ClCompile Include="..\addons\ofxSpriteRenderer\ofxOrthoCamera.cpp">
      <Filter>addons\ofxSpriteRenderer</Filter>
    </ClCompile>
    <ClCompile Include="..\addons\ofxPostProcessing\src\BleachBypassPass.cpp">
      <Filter>addons\ofxPostProcessing\src</Filter>
    </ClCompile>
    <ClCompile Include="..\addons\ofxPostProcessing\src\BloomPass.cpp">
      <Filter>addons\ofxPostProcessing\src</Filter>
    </ClCompile>
    <ClCompile Include="..\addons\ofxPostProcessing\src\ContrastPass.cpp">
      <Filter>addons\ofxPostProcessing\src</Filter>
    </ClCompile>
    <ClCompile Include="..\addons\ofxPostProcessing\src\ConvolutionPass.cpp">
      <Filter>addons\ofxPostProcessing\src</Filter>
    </ClCompile>
    <ClCompile Include="..\addons\ofxPostProcessing\src\DofAltPass.cpp">
      <Filter>addons\ofxPostProcessing\src</Filter>
    </ClCompile>
    <ClCompile Include="..\addons\ofxPostProcessing\src\DofPass.cpp">
      <Filter>addons\ofxPostProcessing\src</Filter>
    </ClCompile>
    <ClCompile Include="..\addons\ofxPostProcessing\src\EdgePass.cpp">
      <Filter>addons\ofxPostProcessing\src</Filter>
    </ClCompile>
    <ClCompile Include="..\addons\ofxPostProcessing\src\FakeSSSPass.cpp">
      <Filter>addons\ofxPostProcessing\src</Filter>
    </ClCompile>
    <ClCompile Include="..\addons\ofxPostProcessing\src\FxaaPass.cpp">
      <Filter>addons\ofxPostProcessing\src</Filter>
    </ClCompile>
    <ClCompile Include="..\addons\ofxPostProcessing\src\GodRaysPass.cpp">
      <Filter>addons\ofxPostProcessing\src</Filter>
    </ClCompile>
    <ClCompile Include="..\addons\ofxPostProcessing\src\HorizontalTiltShifPass.cpp">
      <Filter>addons\ofxPostProcessing\src</Filter>
    </ClCompile>
    <ClCompile Include="..\addons\ofxPostProcessing\src\KaleidoscopePass.cpp">
      <Filter>addons\ofxPostProcessing\src</Filter>
    </ClCompile>
    <ClCompile Include="..\addons\ofxPostProcessing\src\LimbDarkeningPass.cpp">
      <Filter>addons\ofxPostProcessing\src</Filter>
    </ClCompile>
    <ClCompile Include="..\addons\ofxPostProcessing\src\LUTPass.cpp">
      <Filter>addons\ofxPostProcessing\src</Filter>
    </ClCompile>
    <ClCompile Include="..\addons\ofxPostProcessing\src\NoiseWarpPass.cpp">
      <Filter>addons\ofxPostProcessing\src</Filter>
    </ClCompile>
    <ClCompile Include="..\addons\ofxPostProcessing\src\PixelatePass.cpp">
      <Filter>addons\ofxPostProcessing\src</Filter>
    </ClCompile>
    <ClCompile Include="..\addons\ofxPostProcessing\src\PostProcessing.cpp">
      <Filter>addons\ofxPostProcessing\src</Filter>
    </ClCompile>
    <ClCompile Include="..\addons\ofxPostProcessing\src\RenderPass.cpp">
      <Filter>addons\ofxPostProcessing\src</Filter>
    </ClCompile>
    <ClCompile Include="..\addons\ofxPostProcessing\src\RGBShiftPass.cpp">
      <Filter>addons\ofxPostProcessing\src</Filter>
    </ClCompile>
    <ClCompile Include="..\addons\ofxPostProcessing\src\RimHighlightingPass.cpp">
      <Filter>addons\ofxPostProcessing\src</Filter>
    </ClCompile>
    <ClCompile Include="..\addons\ofxPostProcessing\src\SSAOPass.cpp">
      <Filter>addons\ofxPostProcessing\src</Filter>
    </ClCompile>
    <ClCompile Include="..\addons\ofxPostProcessing\src\ToonPass.cpp">
      <Filter>addons\ofxPostProcessing\src</Filter>
    </ClCompile>
    <ClCompile Include="..\addons\ofxPostProcessing\src\VerticalTiltShifPass.cpp">
      <Filter>addons\ofxPostProcessing\src</Filter>
    </ClCompile>
    <ClCompile Include="..\addons\ofxPostProcessing\src\ZoomBlurPass.cpp">
      <Filter>addons\ofxPostProcessing\src</Filter>
    </ClCompile>
    <ClCompile Include="..\addons\ofxOpenSteer\src\ofxOpenSteerPlugin.cpp">
      <Filter>addons\ofxOpenSteer\src</Filter>
    </ClCompile>
    <ClCompile Include="..\addons\ofxOpenSteer\src\ofxOpenSteerVehicle.cpp">
      <Filter>addons\ofxOpenSteer\src</Filter>
    </ClCompile>
    <ClCompile Include="..\addons\ofxOpenSteer\libs\opensteer\src\Camera.cpp">
      <Filter>addons\ofxOpenSteer\libs\opensteer\src</Filter>
    </ClCompile>
    <ClCompile Include="..\addons\ofxOpenSteer\libs\opensteer\src\Clock.cpp">
      <Filter>addons\ofxOpenSteer\libs\opensteer\src</Filter>
    </ClCompile>
    <ClCompile Include="..\addons\ofxOpenSteer\libs\opensteer\src\Color.cpp">
      <Filter>addons\ofxOpenSteer\libs\opensteer\src</Filter>
    </ClCompile>
    <ClCompile Include="..\addons\ofxOpenSteer\libs\opensteer\src\Draw.cpp">
      <Filter>addons\ofxOpenSteer\libs\opensteer\src</Filter>
    </ClCompile>
    <ClCompile Include="..\addons\ofxOpenSteer\libs\opensteer\src\lq.c">
      <Filter>addons\ofxOpenSteer\libs\opensteer\src</Filter>
    </ClCompile>
    <ClCompile Include="..\addons\ofxOpenSteer\libs\opensteer\src\Obstacle.cpp">
      <Filter>addons\ofxOpenSteer\libs\opensteer\src</Filter>
    </ClCompile>
    <ClCompile Include="..\addons\ofxOpenSteer\libs\opensteer\src\OldPathway.cpp">
      <Filter>addons\ofxOpenSteer\libs\opensteer\src</Filter>
    </ClCompile>
    <ClCompile Include="..\addons\ofxOpenSteer\libs\opensteer\src\OpenSteerDemo.cpp">
      <Filter>addons\ofxOpenSteer\libs\opensteer\src</Filter>
    </ClCompile>
    <ClCompile Include="..\addons\ofxOpenSteer\libs\opensteer\src\Path.cpp">
      <Filter>addons\ofxOpenSteer\libs\opensteer\src</Filter>
    </ClCompile>
    <ClCompile Include="..\addons\ofxOpenSteer\libs\opensteer\src\Pathway.cpp">
      <Filter>addons\ofxOpenSteer\libs\opensteer\src</Filter>
    </ClCompile>
    <ClCompile Include="..\addons\ofxOpenSteer\libs\opensteer\src\PlugIn.cpp">
      <Filter>addons\ofxOpenSteer\libs\opensteer\src</Filter>
    </ClCompile>
    <ClCompile Include="..\addons\ofxOpenSteer\libs\opensteer\src\PolylineSegmentedPath.cpp">
      <Filter>addons\ofxOpenSteer\libs\opensteer\src</Filter>
    </ClCompile>
    <ClCompile Include="..\addons\ofxOpenSteer\libs\opensteer\src\PolylineSegmentedPathwaySegmentRadii.cpp">
      <Filter>addons\ofxOpenSteer\libs\opensteer\src</Filter>
    </ClCompile>
    <ClCompile Include="..\addons\ofxOpenSteer\libs\opensteer\src\PolylineSegmentedPathwaySingleRadius.cpp">
      <Filter>addons\ofxOpenSteer\libs\opensteer\src</Filter>
    </ClCompile>
    <ClCompile Include="..\addons\ofxOpenSteer\libs\opensteer\src\SegmentedPath.cpp">
      <Filter>addons\ofxOpenSteer\libs\opensteer\src</Filter>
    </ClCompile>
    <ClCompile Include="..\addons\ofxOpenSteer\libs\opensteer\src\SegmentedPathway.cpp">
      <Filter>addons\ofxOpenSteer\libs\opensteer\src</Filter>
    </ClCompile>
    <ClCompile Include="..\addons\ofxOpenSteer\libs\opensteer\src\SimpleVehicle.cpp">
      <Filter>addons\ofxOpenSteer\libs\opensteer\src</Filter>
    </ClCompile>
    <ClCompile Include="..\addons\ofxOpenSteer\libs\opensteer\src\TerrainRayTest.cpp">
      <Filter>addons\ofxOpenSteer\libs\opensteer\src</Filter>
    </ClCompile>
    <ClCompile Include="..\addons\ofxOpenSteer\libs\opensteer\src\Vec3.cpp">
      <Filter>addons\ofxOpenSteer\libs\opensteer\src</Filter>
    </ClCompile>
    <ClCompile Include="..\addons\ofxOpenSteer\libs\opensteer\src\Vec3Utilities.cpp">
      <Filter>addons\ofxOpenSteer\libs\opensteer\src</Filter>
    </ClCompile>
    <ClCompile Include="..\addons\ofxNetwork\src\ofxTCPClient.cpp">
      <Filter>addons\ofxNetwork\src</Filter>
    </ClCompile>
    <ClCompile Include="..\addons\ofxNetwork\src\ofxTCPManager.cpp">
      <Filter>addons\ofxNetwork\src</Filter>
    </ClCompile>
    <ClCompile Include="..\addons\ofxNetwork\src\ofxTCPServer.cpp">
      <Filter>addons\ofxNetwork\src</Filter>
    </ClCompile>
    <ClCompile Include="..\addons\ofxNetwork\src\ofxUDPManager.cpp">
      <Filter>addons\ofxNetwork\src</Filter>
    </ClCompile>
    <ClCompile Include="..\addons\ofxFX\src\ofxFXObject.cpp">
      <Filter>addons\ofxFX\src</Filter>
    </ClCompile>
    <ClCompile Include="..\addons\ofxUI\src\ofxUI2DGraph.cpp">
      <Filter>addons\ofxUI\src</Filter>
    </ClCompile>
    <ClCompile Include="..\addons\ofxUI\src\ofxUI2DPad.cpp">
      <Filter>addons\ofxUI\src</Filter>
    </ClCompile>
    <ClCompile Include="..\addons\ofxUI\src\ofxUIBaseDraws.cpp">
      <Filter>addons\ofxUI\src</Filter>
    </ClCompile>
    <ClCompile Include="..\addons\ofxUI\src\ofxUIBiLabelSlider.cpp">
      <Filter>addons\ofxUI\src</Filter>
    </ClCompile>
    <ClCompile Include="..\addons\ofxUI\src\ofxUIButton.cpp">
      <Filter>addons\ofxUI\src</Filter>
    </ClCompile>
    <ClCompile Include="..\addons\ofxUI\src\ofxUICanvas.cpp">
      <Filter>addons\ofxUI\src</Filter>
    </ClCompile>
    <ClCompile Include="..\addons\ofxUI\src\ofxUICircleSlider.cpp">
      <Filter>addons\ofxUI\src</Filter>
    </ClCompile>
    <ClCompile Include="..\addons\ofxUI\src\ofxUIDragableLabelButton.cpp">
      <Filter>addons\ofxUI\src</Filter>
    </ClCompile>
    <ClCompile Include="..\addons\ofxUI\src\ofxUIDropDownList.cpp">
      <Filter>addons\ofxUI\src</Filter>
    </ClCompile>
    <ClCompile Include="..\addons\ofxUI\src\ofxUIEventArgs.cpp">
      <Filter>addons\ofxUI\src</Filter>
    </ClCompile>
    <ClCompile Include="..\addons\ofxUI\src\ofxUIFPS.cpp">
      <Filter>addons\ofxUI\src</Filter>
    </ClCompile>
    <ClCompile Include="..\addons\ofxUI\src\ofxUIFPSSlider.cpp">
      <Filter>addons\ofxUI\src</Filter>
    </ClCompile>
    <ClCompile Include="..\addons\ofxUI\src\ofxUIImage.cpp">
      <Filter>addons\ofxUI\src</Filter>
    </ClCompile>
    <ClCompile Include="..\addons\ofxUI\src\ofxUIImageButton.cpp">
      <Filter>addons\ofxUI\src</Filter>
    </ClCompile>
    <ClCompile Include="..\addons\ofxUI\src\ofxUIImageSampler.cpp">
      <Filter>addons\ofxUI\src</Filter>
    </ClCompile>
    <ClCompile Include="..\addons\ofxUI\src\ofxUIImageSlider.cpp">
      <Filter>addons\ofxUI\src</Filter>
    </ClCompile>
    <ClCompile Include="..\addons\ofxUI\src\ofxUIImageToggle.cpp">
      <Filter>addons\ofxUI\src</Filter>
    </ClCompile>
    <ClCompile Include="..\addons\ofxUI\src\ofxUILabel.cpp">
      <Filter>addons\ofxUI\src</Filter>
    </ClCompile>
    <ClCompile Include="..\addons\ofxUI\src\ofxUILabelButton.cpp">
      <Filter>addons\ofxUI\src</Filter>
    </ClCompile>
    <ClCompile Include="..\addons\ofxUI\src\ofxUILabelToggle.cpp">
      <Filter>addons\ofxUI\src</Filter>
    </ClCompile>
    <ClCompile Include="..\addons\ofxUI\src\ofxUIMinimalSlider.cpp">
      <Filter>addons\ofxUI\src</Filter>
    </ClCompile>
    <ClCompile Include="..\addons\ofxUI\src\ofxUIMovingGraph.cpp">
      <Filter>addons\ofxUI\src</Filter>
    </ClCompile>
    <ClCompile Include="..\addons\ofxUI\src\ofxUIMultiImageButton.cpp">
      <Filter>addons\ofxUI\src</Filter>
    </ClCompile>
    <ClCompile Include="..\addons\ofxUI\src\ofxUIMultiImageToggle.cpp">
      <Filter>addons\ofxUI\src</Filter>
    </ClCompile>
    <ClCompile Include="..\addons\ofxUI\src\ofxUINumberDialer.cpp">
      <Filter>addons\ofxUI\src</Filter>
    </ClCompile>
    <ClCompile Include="..\addons\ofxUI\src\ofxUIRadio.cpp">
      <Filter>addons\ofxUI\src</Filter>
    </ClCompile>
    <ClCompile Include="..\addons\ofxUI\src\ofxUIRangeSlider.cpp">
      <Filter>addons\ofxUI\src</Filter>
    </ClCompile>
    <ClCompile Include="..\addons\ofxUI\src\ofxUIRectangle.cpp">
      <Filter>addons\ofxUI\src</Filter>
    </ClCompile>
    <ClCompile Include="..\addons\ofxUI\src\ofxUIRotarySlider.cpp">
      <Filter>addons\ofxUI\src</Filter>
    </ClCompile>
    <ClCompile Include="..\addons\ofxUI\src\ofxUIScrollableCanvas.cpp">
      <Filter>addons\ofxUI\src</Filter>
    </ClCompile>
    <ClCompile Include="..\addons\ofxUI\src\ofxUISlider.cpp">
      <Filter>addons\ofxUI\src</Filter>
    </ClCompile>
    <ClCompile Include="..\addons\ofxUI\src\ofxUISortableList.cpp">
      <Filter>addons\ofxUI\src</Filter>
    </ClCompile>
    <ClCompile Include="..\addons\ofxUI\src\ofxUISpacer.cpp">
      <Filter>addons\ofxUI\src</Filter>
    </ClCompile>
    <ClCompile Include="..\addons\ofxUI\src\ofxUISpectrum.cpp">
      <Filter>addons\ofxUI\src</Filter>
    </ClCompile>
    <ClCompile Include="..\addons\ofxUI\src\ofxUISuperCanvas.cpp">
      <Filter>addons\ofxUI\src</Filter>
    </ClCompile>
    <ClCompile Include="..\addons\ofxUI\src\ofxUITabBar.cpp">
      <Filter>addons\ofxUI\src</Filter>
    </ClCompile>
    <ClCompile Include="..\addons\ofxUI\src\ofxUITextArea.cpp">
      <Filter>addons\ofxUI\src</Filter>
    </ClCompile>
    <ClCompile Include="..\addons\ofxUI\src\ofxUITextInput.cpp">
      <Filter>addons\ofxUI\src</Filter>
    </ClCompile>
    <ClCompile Include="..\addons\ofxUI\src\ofxUIToggle.cpp">
      <Filter>addons\ofxUI\src</Filter>
    </ClCompile>
    <ClCompile Include="..\addons\ofxUI\src\ofxUIToggleMatrix.cpp">
      <Filter>addons\ofxUI\src</Filter>
    </ClCompile>
    <ClCompile Include="..\addons\ofxUI\src\ofxUIValuePlotter.cpp">
      <Filter>addons\ofxUI\src</Filter>
    </ClCompile>
    <ClCompile Include="..\addons\ofxUI\src\ofxUIWaveform.cpp">
      <Filter>addons\ofxUI\src</Filter>
    </ClCompile>
    <ClCompile Include="..\addons\ofxUI\src\ofxUIWidget.cpp">
      <Filter>addons\ofxUI\src</Filter>
    </ClCompile>
    <ClCompile Include="..\addons\ofxUI\src\ofxUIWidgetWithLabel.cpp">
      <Filter>addons\ofxUI\src</Filter>
    </ClCompile>
    <ClCompile Include="..\addons\ofxXmlSettings\src\ofxXmlSettings.cpp">
      <Filter>addons\ofxXmlSettings\src</Filter>
    </ClCompile>
    <ClCompile Include="..\addons\ofxXmlSettings\libs\tinyxml.cpp">
      <Filter>addons\ofxXmlSettings\libs</Filter>
    </ClCompile>
    <ClCompile Include="..\addons\ofxXmlSettings\libs\tinyxmlerror.cpp">
      <Filter>addons\ofxXmlSettings\libs</Filter>
    </ClCompile>
    <ClCompile Include="..\addons\ofxXmlSettings\libs\tinyxmlparser.cpp">
      <Filter>addons\ofxXmlSettings\libs</Filter>
    </ClCompile>
    <ClCompile Include="src\TestCases.cpp">
      <Filter>src</Filter>
    </ClCompile>
    <ClCompile Include="..\addons\ofxSpriteRenderer\ofxTexture.cpp">
      <Filter>addons\ofxSpriteRenderer</Filter>
    </ClCompile>
    <ClCompile Include="..\addons\ofxSpriteRenderer\ofxShader.cpp">
      <Filter>addons\ofxSpriteRenderer</Filter>
    </ClCompile>
    <ClCompile Include="..\addons\ofxSpriteRenderer\ofxResource.cpp">
      <Filter>addons\ofxSpriteRenderer</Filter>
    </ClCompile>
    <ClCompile Include="..\addons\ofxSpriteRenderer\ofxShaderCache.cpp">
      <Filter>addons\ofxSpriteRenderer</Filter>
    </ClCompile>
    <ClCompile Include="..\addons\ofxSpriteRenderer\ofxTextureCache.cpp">
      <Filter>addons\ofxSpriteRenderer</Filter>
    </ClCompile>
    <ClCompile Include="..\addons\ofxSpriteRenderer\ofxShaderProgram.cpp">
      <Filter>addons\ofxSpriteRenderer</Filter>
    </ClCompile>
    <ClCompile Include="..\addons\ofxSpriteRenderer\ofxShaderProgramCache.cpp">
      <Filter>addons\ofxSpriteRenderer</Filter>
    </ClCompile>
    <ClCompile Include="..\addons\ofxTerrain\ofxTerrain.cpp">
      <Filter>addons\ofxTerrain</Filter>
    </ClCompile>
    <ClCompile Include="..\addons\ofxTerrain\ofxTile.cpp">
      <Filter>addons\ofxTerrain</Filter>
    </ClCompile>
    <ClCompile Include="..\addons\ofxSpriteRenderer\ofxSpriteText.cpp">
      <Filter>addons\ofxSpriteRenderer</Filter>
    </ClCompile>
    <ClCompile Include="..\addons\ofxSpriteRenderer\ofxSpriteBase.cpp">
      <Filter>addons\ofxSpriteRenderer</Filter>
    </ClCompile>
    <ClCompile Include="..\addons\ofxSpriteRenderer\ofxParticleEffect2D.cpp">
      <Filter>addons\ofxSpriteRenderer</Filter>
    </ClCompile>
    <ClCompile Include="..\Addons\ofxSpriteRenderer\ofxParticleEffect3D.cpp">
      <Filter>addons\ofxSpriteRenderer</Filter>
    </ClCompile>
  </ItemGroup>
  <ItemGroup>
    <Filter Include="src">
      <UniqueIdentifier>{d8376475-7454-4a24-b08a-aac121d3ad6f}</UniqueIdentifier>
    </Filter>
    <Filter Include="addons">
      <UniqueIdentifier>{71834F65-F3A9-211E-73B8-DC85}</UniqueIdentifier>
    </Filter>
    <Filter Include="addons\ofxNetwork">
      <UniqueIdentifier>{01A15744-29A6-108D-08E9-83A7}</UniqueIdentifier>
    </Filter>
    <Filter Include="addons\ofxNetwork\src">
      <UniqueIdentifier>{3D1C10C7-8F35-E796-9C70-F5F3}</UniqueIdentifier>
    </Filter>
    <Filter Include="addons\ofxXmlSettings">
      <UniqueIdentifier>{877F005D-13E6-0592-1D97-F2E3}</UniqueIdentifier>
    </Filter>
    <Filter Include="addons\ofxXmlSettings\src">
      <UniqueIdentifier>{CCB2AC63-49D2-977C-CFE8-AEAD}</UniqueIdentifier>
    </Filter>
    <Filter Include="addons\ofxXmlSettings\libs">
      <UniqueIdentifier>{687714A8-1662-FA1C-261F-50F0}</UniqueIdentifier>
    </Filter>
    <Filter Include="addons\ofxFX">
      <UniqueIdentifier>{54067F17-D691-C8D5-A60C-8B15}</UniqueIdentifier>
    </Filter>
    <Filter Include="addons\ofxFX\src">
      <UniqueIdentifier>{97D4701D-86BD-D02B-CE02-0C34}</UniqueIdentifier>
    </Filter>
    <Filter Include="addons\ofxFX\src\composers">
      <UniqueIdentifier>{4C3B9E56-1307-1B87-A0CC-CAA5}</UniqueIdentifier>
    </Filter>
    <Filter Include="addons\ofxFX\src\filters">
      <UniqueIdentifier>{EEFEFA5B-9FF5-F358-2F4A-BC5A}</UniqueIdentifier>
    </Filter>
    <Filter Include="addons\ofxFX\src\generative">
      <UniqueIdentifier>{47CDF68F-3CB9-C2A3-96DC-EE22}</UniqueIdentifier>
    </Filter>
    <Filter Include="addons\ofxFX\src\operations">
      <UniqueIdentifier>{98E7BD88-03E0-D5B4-C028-9281}</UniqueIdentifier>
    </Filter>
    <Filter Include="addons\ofxOpenSteer">
      <UniqueIdentifier>{E1FD5286-5FB8-27EF-B92F-B8D4}</UniqueIdentifier>
    </Filter>
    <Filter Include="addons\ofxOpenSteer\src">
      <UniqueIdentifier>{3C024918-01BA-3A6B-6501-21B9}</UniqueIdentifier>
    </Filter>
    <Filter Include="addons\ofxOpenSteer\libs">
      <UniqueIdentifier>{7A40A33E-9801-51E3-C4A3-4793}</UniqueIdentifier>
    </Filter>
    <Filter Include="addons\ofxOpenSteer\libs\opensteer">
      <UniqueIdentifier>{437264C5-1925-9F04-55CA-63C2}</UniqueIdentifier>
    </Filter>
    <Filter Include="addons\ofxOpenSteer\libs\opensteer\include">
      <UniqueIdentifier>{808141CE-746A-3D12-A05F-01DE}</UniqueIdentifier>
    </Filter>
    <Filter Include="addons\ofxOpenSteer\libs\opensteer\include\OpenSteer">
      <UniqueIdentifier>{14FAF9B9-ADCB-A61A-9E5B-968A}</UniqueIdentifier>
    </Filter>
    <Filter Include="addons\ofxOpenSteer\libs\opensteer\src">
      <UniqueIdentifier>{2486BB91-96F2-877A-C336-EBA3}</UniqueIdentifier>
    </Filter>
    <Filter Include="addons\ofxPostProcessing">
      <UniqueIdentifier>{AB514210-24FF-87A6-AE4B-9AE5}</UniqueIdentifier>
    </Filter>
    <Filter Include="addons\ofxPostProcessing\src">
      <UniqueIdentifier>{8E4D751F-6272-927D-3C6E-AFCE}</UniqueIdentifier>
    </Filter>
    <Filter Include="addons\ofxUI">
      <UniqueIdentifier>{B492C5B0-FF91-9C5A-638A-3142}</UniqueIdentifier>
    </Filter>
    <Filter Include="addons\ofxUI\src">
      <UniqueIdentifier>{A00C2D23-6C11-BC86-3993-2CF0}</UniqueIdentifier>
    </Filter>
    <Filter Include="addons\ofxRecast">
      <UniqueIdentifier>{8fe32de8-b80c-4abc-a1e4-e31daf56e3d9}</UniqueIdentifier>
    </Filter>
    <Filter Include="addons\ofxRecast\fastlz">
      <UniqueIdentifier>{98c5bfac-75d0-4b93-b372-e0b4cdd6e451}</UniqueIdentifier>
    </Filter>
    <Filter Include="addons\ofxRecast\recastnavigation">
      <UniqueIdentifier>{9084f76b-7133-45f3-80fb-69a2ac10d6d9}</UniqueIdentifier>
    </Filter>
    <Filter Include="addons\ofxRecast\recastnavigation\DebugUtils">
      <UniqueIdentifier>{fbc092f5-b920-4faa-8eb4-9191218da713}</UniqueIdentifier>
    </Filter>
    <Filter Include="addons\ofxRecast\recastnavigation\Detour">
      <UniqueIdentifier>{17595311-169c-4541-8816-efccc202b2fb}</UniqueIdentifier>
    </Filter>
    <Filter Include="addons\ofxRecast\recastnavigation\DetourCrowd">
      <UniqueIdentifier>{eac3afae-b091-4f9b-9374-7731b4b9440a}</UniqueIdentifier>
    </Filter>
    <Filter Include="addons\ofxRecast\recastnavigation\DetourTileCache">
      <UniqueIdentifier>{37d5eea9-09a5-4a76-8db9-cc52296b8a30}</UniqueIdentifier>
    </Filter>
    <Filter Include="addons\ofxRecast\recastnavigation\Recast">
      <UniqueIdentifier>{d26a00d3-d8d6-4a8c-abb6-7212d93e4c81}</UniqueIdentifier>
    </Filter>
    <Filter Include="addons\ofxSpriteRenderer">
      <UniqueIdentifier>{8d1a721d-41b4-467f-875d-fad03f12c0c1}</UniqueIdentifier>
    </Filter>
    <Filter Include="Game">
      <UniqueIdentifier>{a291c525-b8ef-4ed5-9976-f1f858548289}</UniqueIdentifier>
    </Filter>
    <Filter Include="addons\ofxTerrain">
      <UniqueIdentifier>{c2bb230e-4074-4e89-ab8d-3caf2261db64}</UniqueIdentifier>
    </Filter>
  </ItemGroup>
  <ItemGroup>
    <ClInclude Include="src\ofApp.h">
      <Filter>src</Filter>
    </ClInclude>
    <ClInclude Include="..\addons\ofxRecast\InputGeom.h">
      <Filter>addons\ofxRecast</Filter>
    </ClInclude>
    <ClInclude Include="..\addons\ofxRecast\RecastHelper.h">
      <Filter>addons\ofxRecast</Filter>
    </ClInclude>
    <ClInclude Include="..\addons\ofxRecast\NavMesh.h">
      <Filter>addons\ofxRecast</Filter>
    </ClInclude>
    <ClInclude Include="..\addons\ofxRecast\NavMeshRender.h">
      <Filter>addons\ofxRecast</Filter>
    </ClInclude>
    <ClInclude Include="..\addons\ofxRecast\fastlz\fastlz.h">
      <Filter>addons\ofxRecast\fastlz</Filter>
    </ClInclude>
    <ClInclude Include="..\addons\ofxRecast\recastnavigation\DebugUtils\Include\DebugDraw.h">
      <Filter>addons\ofxRecast\recastnavigation\DebugUtils</Filter>
    </ClInclude>
    <ClInclude Include="..\addons\ofxRecast\recastnavigation\DebugUtils\Include\DetourDebugDraw.h">
      <Filter>addons\ofxRecast\recastnavigation\DebugUtils</Filter>
    </ClInclude>
    <ClInclude Include="..\addons\ofxRecast\recastnavigation\DebugUtils\Include\RecastDebugDraw.h">
      <Filter>addons\ofxRecast\recastnavigation\DebugUtils</Filter>
    </ClInclude>
    <ClInclude Include="..\addons\ofxRecast\recastnavigation\DebugUtils\Include\RecastDump.h">
      <Filter>addons\ofxRecast\recastnavigation\DebugUtils</Filter>
    </ClInclude>
    <ClInclude Include="..\addons\ofxRecast\recastnavigation\Recast\Include\Recast.h">
      <Filter>addons\ofxRecast\recastnavigation\Recast</Filter>
    </ClInclude>
    <ClInclude Include="..\addons\ofxRecast\recastnavigation\Recast\Include\RecastAlloc.h">
      <Filter>addons\ofxRecast\recastnavigation\Recast</Filter>
    </ClInclude>
    <ClInclude Include="..\addons\ofxRecast\recastnavigation\Recast\Include\RecastAssert.h">
      <Filter>addons\ofxRecast\recastnavigation\Recast</Filter>
    </ClInclude>
    <ClInclude Include="..\addons\ofxRecast\recastnavigation\DetourTileCache\Include\DetourTileCache.h">
      <Filter>addons\ofxRecast\recastnavigation\DetourTileCache</Filter>
    </ClInclude>
    <ClInclude Include="..\addons\ofxRecast\recastnavigation\DetourTileCache\Include\DetourTileCacheBuilder.h">
      <Filter>addons\ofxRecast\recastnavigation\DetourTileCache</Filter>
    </ClInclude>
    <ClInclude Include="..\addons\ofxRecast\recastnavigation\DetourCrowd\Include\DetourCrowd.h">
      <Filter>addons\ofxRecast\recastnavigation\DetourCrowd</Filter>
    </ClInclude>
    <ClInclude Include="..\addons\ofxRecast\recastnavigation\DetourCrowd\Include\DetourLocalBoundary.h">
      <Filter>addons\ofxRecast\recastnavigation\DetourCrowd</Filter>
    </ClInclude>
    <ClInclude Include="..\addons\ofxRecast\recastnavigation\DetourCrowd\Include\DetourObstacleAvoidance.h">
      <Filter>addons\ofxRecast\recastnavigation\DetourCrowd</Filter>
    </ClInclude>
    <ClInclude Include="..\addons\ofxRecast\recastnavigation\DetourCrowd\Include\DetourPathCorridor.h">
      <Filter>addons\ofxRecast\recastnavigation\DetourCrowd</Filter>
    </ClInclude>
    <ClInclude Include="..\addons\ofxRecast\recastnavigation\DetourCrowd\Include\DetourPathQueue.h">
      <Filter>addons\ofxRecast\recastnavigation\DetourCrowd</Filter>
    </ClInclude>
    <ClInclude Include="..\addons\ofxRecast\recastnavigation\DetourCrowd\Include\DetourProximityGrid.h">
      <Filter>addons\ofxRecast\recastnavigation\DetourCrowd</Filter>
    </ClInclude>
    <ClInclude Include="..\addons\ofxRecast\recastnavigation\Detour\Include\DetourAlloc.h">
      <Filter>addons\ofxRecast\recastnavigation\Detour</Filter>
    </ClInclude>
    <ClInclude Include="..\addons\ofxRecast\recastnavigation\Detour\Include\DetourAssert.h">
      <Filter>addons\ofxRecast\recastnavigation\Detour</Filter>
    </ClInclude>
    <ClInclude Include="..\addons\ofxRecast\recastnavigation\Detour\Include\DetourCommon.h">
      <Filter>addons\ofxRecast\recastnavigation\Detour</Filter>
    </ClInclude>
    <ClInclude Include="..\addons\ofxRecast\recastnavigation\Detour\Include\DetourMath.h">
      <Filter>addons\ofxRecast\recastnavigation\Detour</Filter>
    </ClInclude>
    <ClInclude Include="..\addons\ofxRecast\recastnavigation\Detour\Include\DetourNavMesh.h">
      <Filter>addons\ofxRecast\recastnavigation\Detour</Filter>
    </ClInclude>
    <ClInclude Include="..\addons\ofxRecast\recastnavigation\Detour\Include\DetourNavMeshBuilder.h">
      <Filter>addons\ofxRecast\recastnavigation\Detour</Filter>
    </ClInclude>
    <ClInclude Include="..\addons\ofxRecast\recastnavigation\Detour\Include\DetourNavMeshQuery.h">
      <Filter>addons\ofxRecast\recastnavigation\Detour</Filter>
    </ClInclude>
    <ClInclude Include="..\addons\ofxRecast\recastnavigation\Detour\Include\DetourNode.h">
      <Filter>addons\ofxRecast\recastnavigation\Detour</Filter>
    </ClInclude>
    <ClInclude Include="..\addons\ofxRecast\recastnavigation\Detour\Include\DetourStatus.h">
      <Filter>addons\ofxRecast\recastnavigation\Detour</Filter>
    </ClInclude>
    <ClInclude Include="..\addons\ofxSpriteRenderer\ofxSpriteCommand.h">
      <Filter>addons\ofxSpriteRenderer</Filter>
    </ClInclude>
    <ClInclude Include="..\addons\ofxSpriteRenderer\ofxSpriteQuad.h">
      <Filter>addons\ofxSpriteRenderer</Filter>
    </ClInclude>
    <ClInclude Include="..\addons\ofxSpriteRenderer\ofxSpriteRenderer.h">
      <Filter>addons\ofxSpriteRenderer</Filter>
    </ClInclude>
    <ClInclude Include="..\addons\ofxSpriteRenderer\ofxSpriteAnimation.h">
      <Filter>addons\ofxSpriteRenderer</Filter>
    </ClInclude>
    <ClInclude Include="..\addons\ofxSpriteRenderer\ofxOrthoCamera.h">
      <Filter>addons\ofxSpriteRenderer</Filter>
    </ClInclude>
    <ClInclude Include="..\addons\ofxPostProcessing\src\BleachBypassPass.h">
      <Filter>addons\ofxPostProcessing\src</Filter>
    </ClInclude>
    <ClInclude Include="..\addons\ofxPostProcessing\src\BloomPass.h">
      <Filter>addons\ofxPostProcessing\src</Filter>
    </ClInclude>
    <ClInclude Include="..\addons\ofxPostProcessing\src\ContrastPass.h">
      <Filter>addons\ofxPostProcessing\src</Filter>
    </ClInclude>
    <ClInclude Include="..\addons\ofxPostProcessing\src\ConvolutionPass.h">
      <Filter>addons\ofxPostProcessing\src</Filter>
    </ClInclude>
    <ClInclude Include="..\addons\ofxPostProcessing\src\DofAltPass.h">
      <Filter>addons\ofxPostProcessing\src</Filter>
    </ClInclude>
    <ClInclude Include="..\addons\ofxPostProcessing\src\DofPass.h">
      <Filter>addons\ofxPostProcessing\src</Filter>
    </ClInclude>
    <ClInclude Include="..\addons\ofxPostProcessing\src\EdgePass.h">
      <Filter>addons\ofxPostProcessing\src</Filter>
    </ClInclude>
    <ClInclude Include="..\addons\ofxPostProcessing\src\FakeSSSPass.h">
      <Filter>addons\ofxPostProcessing\src</Filter>
    </ClInclude>
    <ClInclude Include="..\addons\ofxPostProcessing\src\FxaaPass.h">
      <Filter>addons\ofxPostProcessing\src</Filter>
    </ClInclude>
    <ClInclude Include="..\addons\ofxPostProcessing\src\GodRaysPass.h">
      <Filter>addons\ofxPostProcessing\src</Filter>
    </ClInclude>
    <ClInclude Include="..\addons\ofxPostProcessing\src\HorizontalTiltShifPass.h">
      <Filter>addons\ofxPostProcessing\src</Filter>
    </ClInclude>
    <ClInclude Include="..\addons\ofxPostProcessing\src\KaleidoscopePass.h">
      <Filter>addons\ofxPostProcessing\src</Filter>
    </ClInclude>
    <ClInclude Include="..\addons\ofxPostProcessing\src\LimbDarkeningPass.h">
      <Filter>addons\ofxPostProcessing\src</Filter>
    </ClInclude>
    <ClInclude Include="..\addons\ofxPostProcessing\src\LUTPass.h">
      <Filter>addons\ofxPostProcessing\src</Filter>
    </ClInclude>
    <ClInclude Include="..\addons\ofxPostProcessing\src\NoiseWarpPass.h">
      <Filter>addons\ofxPostProcessing\src</Filter>
    </ClInclude>
    <ClInclude Include="..\addons\ofxPostProcessing\src\ofxPostProcessing.h">
      <Filter>addons\ofxPostProcessing\src</Filter>
    </ClInclude>
    <ClInclude Include="..\addons\ofxPostProcessing\src\PixelatePass.h">
      <Filter>addons\ofxPostProcessing\src</Filter>
    </ClInclude>
    <ClInclude Include="..\addons\ofxPostProcessing\src\PostProcessing.h">
      <Filter>addons\ofxPostProcessing\src</Filter>
    </ClInclude>
    <ClInclude Include="..\addons\ofxPostProcessing\src\RenderPass.h">
      <Filter>addons\ofxPostProcessing\src</Filter>
    </ClInclude>
    <ClInclude Include="..\addons\ofxPostProcessing\src\RGBShiftPass.h">
      <Filter>addons\ofxPostProcessing\src</Filter>
    </ClInclude>
    <ClInclude Include="..\addons\ofxPostProcessing\src\RimHighlightingPass.h">
      <Filter>addons\ofxPostProcessing\src</Filter>
    </ClInclude>
    <ClInclude Include="..\addons\ofxPostProcessing\src\SSAOPass.h">
      <Filter>addons\ofxPostProcessing\src</Filter>
    </ClInclude>
    <ClInclude Include="..\addons\ofxPostProcessing\src\ToonPass.h">
      <Filter>addons\ofxPostProcessing\src</Filter>
    </ClInclude>
    <ClInclude Include="..\addons\ofxPostProcessing\src\VerticalTiltShifPass.h">
      <Filter>addons\ofxPostProcessing\src</Filter>
    </ClInclude>
    <ClInclude Include="..\addons\ofxPostProcessing\src\ZoomBlurPass.h">
      <Filter>addons\ofxPostProcessing\src</Filter>
    </ClInclude>
    <ClInclude Include="..\addons\ofxOpenSteer\src\ofxOpenSteer.h">
      <Filter>addons\ofxOpenSteer\src</Filter>
    </ClInclude>
    <ClInclude Include="..\addons\ofxOpenSteer\src\ofxOpenSteerPlugin.h">
      <Filter>addons\ofxOpenSteer\src</Filter>
    </ClInclude>
    <ClInclude Include="..\addons\ofxOpenSteer\src\ofxOpenSteerTypes.h">
      <Filter>addons\ofxOpenSteer\src</Filter>
    </ClInclude>
    <ClInclude Include="..\addons\ofxOpenSteer\src\ofxOpenSteerUtils.h">
      <Filter>addons\ofxOpenSteer\src</Filter>
    </ClInclude>
    <ClInclude Include="..\addons\ofxOpenSteer\src\ofxOpenSteerVehicle.h">
      <Filter>addons\ofxOpenSteer\src</Filter>
    </ClInclude>
    <ClInclude Include="..\addons\ofxOpenSteer\libs\opensteer\src\TerrainRayTest.h">
      <Filter>addons\ofxOpenSteer\libs\opensteer\src</Filter>
    </ClInclude>
    <ClInclude Include="..\addons\ofxOpenSteer\libs\opensteer\include\OpenSteer\AbstractVehicle.h">
      <Filter>addons\ofxOpenSteer\libs\opensteer\include\OpenSteer</Filter>
    </ClInclude>
    <ClInclude Include="..\addons\ofxOpenSteer\libs\opensteer\include\OpenSteer\Annotation.h">
      <Filter>addons\ofxOpenSteer\libs\opensteer\include\OpenSteer</Filter>
    </ClInclude>
    <ClInclude Include="..\addons\ofxOpenSteer\libs\opensteer\include\OpenSteer\Camera.h">
      <Filter>addons\ofxOpenSteer\libs\opensteer\include\OpenSteer</Filter>
    </ClInclude>
    <ClInclude Include="..\addons\ofxOpenSteer\libs\opensteer\include\OpenSteer\Clock.h">
      <Filter>addons\ofxOpenSteer\libs\opensteer\include\OpenSteer</Filter>
    </ClInclude>
    <ClInclude Include="..\addons\ofxOpenSteer\libs\opensteer\include\OpenSteer\Color.h">
      <Filter>addons\ofxOpenSteer\libs\opensteer\include\OpenSteer</Filter>
    </ClInclude>
    <ClInclude Include="..\addons\ofxOpenSteer\libs\opensteer\include\OpenSteer\Draw.h">
      <Filter>addons\ofxOpenSteer\libs\opensteer\include\OpenSteer</Filter>
    </ClInclude>
    <ClInclude Include="..\addons\ofxOpenSteer\libs\opensteer\include\OpenSteer\LocalSpace.h">
      <Filter>addons\ofxOpenSteer\libs\opensteer\include\OpenSteer</Filter>
    </ClInclude>
    <ClInclude Include="..\addons\ofxOpenSteer\libs\opensteer\include\OpenSteer\lq.h">
      <Filter>addons\ofxOpenSteer\libs\opensteer\include\OpenSteer</Filter>
    </ClInclude>
    <ClInclude Include="..\addons\ofxOpenSteer\libs\opensteer\include\OpenSteer\Obstacle.h">
      <Filter>addons\ofxOpenSteer\libs\opensteer\include\OpenSteer</Filter>
    </ClInclude>
    <ClInclude Include="..\addons\ofxOpenSteer\libs\opensteer\include\OpenSteer\OldPathway.h">
      <Filter>addons\ofxOpenSteer\libs\opensteer\include\OpenSteer</Filter>
    </ClInclude>
    <ClInclude Include="..\addons\ofxOpenSteer\libs\opensteer\include\OpenSteer\OpenSteerDemo.h">
      <Filter>addons\ofxOpenSteer\libs\opensteer\include\OpenSteer</Filter>
    </ClInclude>
    <ClInclude Include="..\addons\ofxOpenSteer\libs\opensteer\include\OpenSteer\Path.h">
      <Filter>addons\ofxOpenSteer\libs\opensteer\include\OpenSteer</Filter>
    </ClInclude>
    <ClInclude Include="..\addons\ofxOpenSteer\libs\opensteer\include\OpenSteer\Pathway.h">
      <Filter>addons\ofxOpenSteer\libs\opensteer\include\OpenSteer</Filter>
    </ClInclude>
    <ClInclude Include="..\addons\ofxOpenSteer\libs\opensteer\include\OpenSteer\PlugIn.h">
      <Filter>addons\ofxOpenSteer\libs\opensteer\include\OpenSteer</Filter>
    </ClInclude>
    <ClInclude Include="..\addons\ofxOpenSteer\libs\opensteer\include\OpenSteer\PolylineSegmentedPath.h">
      <Filter>addons\ofxOpenSteer\libs\opensteer\include\OpenSteer</Filter>
    </ClInclude>
    <ClInclude Include="..\addons\ofxOpenSteer\libs\opensteer\include\OpenSteer\PolylineSegmentedPathwaySegmentRadii.h">
      <Filter>addons\ofxOpenSteer\libs\opensteer\include\OpenSteer</Filter>
    </ClInclude>
    <ClInclude Include="..\addons\ofxOpenSteer\libs\opensteer\include\OpenSteer\PolylineSegmentedPathwaySingleRadius.h">
      <Filter>addons\ofxOpenSteer\libs\opensteer\include\OpenSteer</Filter>
    </ClInclude>
    <ClInclude Include="..\addons\ofxOpenSteer\libs\opensteer\include\OpenSteer\Proximity.h">
      <Filter>addons\ofxOpenSteer\libs\opensteer\include\OpenSteer</Filter>
    </ClInclude>
    <ClInclude Include="..\addons\ofxOpenSteer\libs\opensteer\include\OpenSteer\QueryPathAlike.h">
      <Filter>addons\ofxOpenSteer\libs\opensteer\include\OpenSteer</Filter>
    </ClInclude>
    <ClInclude Include="..\addons\ofxOpenSteer\libs\opensteer\include\OpenSteer\QueryPathAlikeBaseDataExtractionPolicies.h">
      <Filter>addons\ofxOpenSteer\libs\opensteer\include\OpenSteer</Filter>
    </ClInclude>
    <ClInclude Include="..\addons\ofxOpenSteer\libs\opensteer\include\OpenSteer\QueryPathAlikeMappings.h">
      <Filter>addons\ofxOpenSteer\libs\opensteer\include\OpenSteer</Filter>
    </ClInclude>
    <ClInclude Include="..\addons\ofxOpenSteer\libs\opensteer\include\OpenSteer\QueryPathAlikeUtilities.h">
      <Filter>addons\ofxOpenSteer\libs\opensteer\include\OpenSteer</Filter>
    </ClInclude>
    <ClInclude Include="..\addons\ofxOpenSteer\libs\opensteer\include\OpenSteer\SegmentedPath.h">
      <Filter>addons\ofxOpenSteer\libs\opensteer\include\OpenSteer</Filter>
    </ClInclude>
    <ClInclude Include="..\addons\ofxOpenSteer\libs\opensteer\include\OpenSteer\SegmentedPathAlikeUtilities.h">
      <Filter>addons\ofxOpenSteer\libs\opensteer\include\OpenSteer</Filter>
    </ClInclude>
    <ClInclude Include="..\addons\ofxOpenSteer\libs\opensteer\include\OpenSteer\SegmentedPathway.h">
      <Filter>addons\ofxOpenSteer\libs\opensteer\include\OpenSteer</Filter>
    </ClInclude>
    <ClInclude Include="..\addons\ofxOpenSteer\libs\opensteer\include\OpenSteer\SharedPointer.h">
      <Filter>addons\ofxOpenSteer\libs\opensteer\include\OpenSteer</Filter>
    </ClInclude>
    <ClInclude Include="..\addons\ofxOpenSteer\libs\opensteer\include\OpenSteer\SimpleVehicle.h">
      <Filter>addons\ofxOpenSteer\libs\opensteer\include\OpenSteer</Filter>
    </ClInclude>
    <ClInclude Include="..\addons\ofxOpenSteer\libs\opensteer\include\OpenSteer\StandardTypes.h">
      <Filter>addons\ofxOpenSteer\libs\opensteer\include\OpenSteer</Filter>
    </ClInclude>
    <ClInclude Include="..\addons\ofxOpenSteer\libs\opensteer\include\OpenSteer\SteerLibrary.h">
      <Filter>addons\ofxOpenSteer\libs\opensteer\include\OpenSteer</Filter>
    </ClInclude>
    <ClInclude Include="..\addons\ofxOpenSteer\libs\opensteer\include\OpenSteer\UnusedParameter.h">
      <Filter>addons\ofxOpenSteer\libs\opensteer\include\OpenSteer</Filter>
    </ClInclude>
    <ClInclude Include="..\addons\ofxOpenSteer\libs\opensteer\include\OpenSteer\Utilities.h">
      <Filter>addons\ofxOpenSteer\libs\opensteer\include\OpenSteer</Filter>
    </ClInclude>
    <ClInclude Include="..\addons\ofxOpenSteer\libs\opensteer\include\OpenSteer\Vec3.h">
      <Filter>addons\ofxOpenSteer\libs\opensteer\include\OpenSteer</Filter>
    </ClInclude>
    <ClInclude Include="..\addons\ofxOpenSteer\libs\opensteer\include\OpenSteer\Vec3Utilities.h">
      <Filter>addons\ofxOpenSteer\libs\opensteer\include\OpenSteer</Filter>
    </ClInclude>
    <ClInclude Include="..\addons\ofxNetwork\src\ofxNetwork.h">
      <Filter>addons\ofxNetwork\src</Filter>
    </ClInclude>
    <ClInclude Include="..\addons\ofxNetwork\src\ofxNetworkUtils.h">
      <Filter>addons\ofxNetwork\src</Filter>
    </ClInclude>
    <ClInclude Include="..\addons\ofxNetwork\src\ofxTCPClient.h">
      <Filter>addons\ofxNetwork\src</Filter>
    </ClInclude>
    <ClInclude Include="..\addons\ofxNetwork\src\ofxTCPManager.h">
      <Filter>addons\ofxNetwork\src</Filter>
    </ClInclude>
    <ClInclude Include="..\addons\ofxNetwork\src\ofxTCPServer.h">
      <Filter>addons\ofxNetwork\src</Filter>
    </ClInclude>
    <ClInclude Include="..\addons\ofxNetwork\src\ofxUDPManager.h">
      <Filter>addons\ofxNetwork\src</Filter>
    </ClInclude>
    <ClInclude Include="..\addons\ofxFX\src\composers\ofxBlend.h">
      <Filter>addons\ofxFX\src\composers</Filter>
    </ClInclude>
    <ClInclude Include="..\addons\ofxFX\src\composers\ofxClone.h">
      <Filter>addons\ofxFX\src\composers</Filter>
    </ClInclude>
    <ClInclude Include="..\addons\ofxFX\src\composers\ofxMask.h">
      <Filter>addons\ofxFX\src\composers</Filter>
    </ClInclude>
    <ClInclude Include="..\addons\ofxFX\src\composers\ofxMultiTexture.h">
      <Filter>addons\ofxFX\src\composers</Filter>
    </ClInclude>
    <ClInclude Include="..\addons\ofxFX\src\filters\ofxBarrelChromaAb.h">
      <Filter>addons\ofxFX\src\filters</Filter>
    </ClInclude>
    <ClInclude Include="..\addons\ofxFX\src\filters\ofxBloom.h">
      <Filter>addons\ofxFX\src\filters</Filter>
    </ClInclude>
    <ClInclude Include="..\addons\ofxFX\src\filters\ofxBlur.h">
      <Filter>addons\ofxFX\src\filters</Filter>
    </ClInclude>
    <ClInclude Include="..\addons\ofxFX\src\filters\ofxBokeh.h">
      <Filter>addons\ofxFX\src\filters</Filter>
    </ClInclude>
    <ClInclude Include="..\addons\ofxFX\src\filters\ofxChromaAb.h">
      <Filter>addons\ofxFX\src\filters</Filter>
    </ClInclude>
    <ClInclude Include="..\addons\ofxFX\src\filters\ofxChromaGlitch.h">
      <Filter>addons\ofxFX\src\filters</Filter>
    </ClInclude>
    <ClInclude Include="..\addons\ofxFX\src\filters\ofxContrast.h">
      <Filter>addons\ofxFX\src\filters</Filter>
    </ClInclude>
    <ClInclude Include="..\addons\ofxFX\src\filters\ofxGaussianBlur.h">
      <Filter>addons\ofxFX\src\filters</Filter>
    </ClInclude>
    <ClInclude Include="..\addons\ofxFX\src\filters\ofxGlow.h">
      <Filter>addons\ofxFX\src\filters</Filter>
    </ClInclude>
    <ClInclude Include="..\addons\ofxFX\src\filters\ofxGrayscale.h">
      <Filter>addons\ofxFX\src\filters</Filter>
    </ClInclude>
    <ClInclude Include="..\addons\ofxFX\src\filters\ofxInverse.h">
      <Filter>addons\ofxFX\src\filters</Filter>
    </ClInclude>
    <ClInclude Include="..\addons\ofxFX\src\filters\ofxLUT.h">
      <Filter>addons\ofxFX\src\filters</Filter>
    </ClInclude>
    <ClInclude Include="..\addons\ofxFX\src\filters\ofxMedian.h">
      <Filter>addons\ofxFX\src\filters</Filter>
    </ClInclude>
    <ClInclude Include="..\addons\ofxFX\src\filters\ofxOldTv.h">
      <Filter>addons\ofxFX\src\filters</Filter>
    </ClInclude>
    <ClInclude Include="..\addons\ofxFX\src\generative\ofxFBM.h">
      <Filter>addons\ofxFX\src\generative</Filter>
    </ClInclude>
    <ClInclude Include="..\addons\ofxFX\src\generative\ofxFire.h">
      <Filter>addons\ofxFX\src\generative</Filter>
    </ClInclude>
    <ClInclude Include="..\addons\ofxFX\src\generative\ofxGrayScott.h">
      <Filter>addons\ofxFX\src\generative</Filter>
    </ClInclude>
    <ClInclude Include="..\addons\ofxFX\src\generative\ofxNoise.h">
      <Filter>addons\ofxFX\src\generative</Filter>
    </ClInclude>
    <ClInclude Include="..\addons\ofxFX\src\generative\ofxTint.h">
      <Filter>addons\ofxFX\src\generative</Filter>
    </ClInclude>
    <ClInclude Include="..\addons\ofxFX\src\operations\ofxAbsDiff.h">
      <Filter>addons\ofxFX\src\operations</Filter>
    </ClInclude>
    <ClInclude Include="..\addons\ofxFX\src\operations\ofxBounce.h">
      <Filter>addons\ofxFX\src\operations</Filter>
    </ClInclude>
    <ClInclude Include="..\addons\ofxFX\src\operations\ofxDisplacePixels.h">
      <Filter>addons\ofxFX\src\operations</Filter>
    </ClInclude>
    <ClInclude Include="..\addons\ofxFX\src\operations\ofxEdgeDetect.h">
      <Filter>addons\ofxFX\src\operations</Filter>
    </ClInclude>
    <ClInclude Include="..\addons\ofxFX\src\operations\ofxFlow.h">
      <Filter>addons\ofxFX\src\operations</Filter>
    </ClInclude>
    <ClInclude Include="..\addons\ofxFX\src\operations\ofxNormals.h">
      <Filter>addons\ofxFX\src\operations</Filter>
    </ClInclude>
    <ClInclude Include="..\addons\ofxFX\src\operations\ofxRipples.h">
      <Filter>addons\ofxFX\src\operations</Filter>
    </ClInclude>
    <ClInclude Include="..\addons\ofxFX\src\operations\ofxSubstract.h">
      <Filter>addons\ofxFX\src\operations</Filter>
    </ClInclude>
    <ClInclude Include="..\addons\ofxFX\src\operations\ofxThreshold.h">
      <Filter>addons\ofxFX\src\operations</Filter>
    </ClInclude>
    <ClInclude Include="..\addons\ofxFX\src\ofxFX.h">
      <Filter>addons\ofxFX\src</Filter>
    </ClInclude>
    <ClInclude Include="..\addons\ofxFX\src\ofxFXObject.h">
      <Filter>addons\ofxFX\src</Filter>
    </ClInclude>
    <ClInclude Include="..\addons\ofxFX\src\ofxSwapBuffer.h">
      <Filter>addons\ofxFX\src</Filter>
    </ClInclude>
    <ClInclude Include="..\addons\ofxUI\src\ofxUI.h">
      <Filter>addons\ofxUI\src</Filter>
    </ClInclude>
    <ClInclude Include="..\addons\ofxUI\src\ofxUI2DGraph.h">
      <Filter>addons\ofxUI\src</Filter>
    </ClInclude>
    <ClInclude Include="..\addons\ofxUI\src\ofxUI2DPad.h">
      <Filter>addons\ofxUI\src</Filter>
    </ClInclude>
    <ClInclude Include="..\addons\ofxUI\src\ofxUIBaseDraws.h">
      <Filter>addons\ofxUI\src</Filter>
    </ClInclude>
    <ClInclude Include="..\addons\ofxUI\src\ofxUIBiLabelSlider.h">
      <Filter>addons\ofxUI\src</Filter>
    </ClInclude>
    <ClInclude Include="..\addons\ofxUI\src\ofxUIButton.h">
      <Filter>addons\ofxUI\src</Filter>
    </ClInclude>
    <ClInclude Include="..\addons\ofxUI\src\ofxUICanvas.h">
      <Filter>addons\ofxUI\src</Filter>
    </ClInclude>
    <ClInclude Include="..\addons\ofxUI\src\ofxUICircleSlider.h">
      <Filter>addons\ofxUI\src</Filter>
    </ClInclude>
    <ClInclude Include="..\addons\ofxUI\src\ofxUIDefines.h">
      <Filter>addons\ofxUI\src</Filter>
    </ClInclude>
    <ClInclude Include="..\addons\ofxUI\src\ofxUIDragableLabelButton.h">
      <Filter>addons\ofxUI\src</Filter>
    </ClInclude>
    <ClInclude Include="..\addons\ofxUI\src\ofxUIDropDownList.h">
      <Filter>addons\ofxUI\src</Filter>
    </ClInclude>
    <ClInclude Include="..\addons\ofxUI\src\ofxUIEventArgs.h">
      <Filter>addons\ofxUI\src</Filter>
    </ClInclude>
    <ClInclude Include="..\addons\ofxUI\src\ofxUIFPS.h">
      <Filter>addons\ofxUI\src</Filter>
    </ClInclude>
    <ClInclude Include="..\addons\ofxUI\src\ofxUIFPSSlider.h">
      <Filter>addons\ofxUI\src</Filter>
    </ClInclude>
    <ClInclude Include="..\addons\ofxUI\src\ofxUIImage.h">
      <Filter>addons\ofxUI\src</Filter>
    </ClInclude>
    <ClInclude Include="..\addons\ofxUI\src\ofxUIImageButton.h">
      <Filter>addons\ofxUI\src</Filter>
    </ClInclude>
    <ClInclude Include="..\addons\ofxUI\src\ofxUIImageSampler.h">
      <Filter>addons\ofxUI\src</Filter>
    </ClInclude>
    <ClInclude Include="..\addons\ofxUI\src\ofxUIImageSlider.h">
      <Filter>addons\ofxUI\src</Filter>
    </ClInclude>
    <ClInclude Include="..\addons\ofxUI\src\ofxUIImageToggle.h">
      <Filter>addons\ofxUI\src</Filter>
    </ClInclude>
    <ClInclude Include="..\addons\ofxUI\src\ofxUILabel.h">
      <Filter>addons\ofxUI\src</Filter>
    </ClInclude>
    <ClInclude Include="..\addons\ofxUI\src\ofxUILabelButton.h">
      <Filter>addons\ofxUI\src</Filter>
    </ClInclude>
    <ClInclude Include="..\addons\ofxUI\src\ofxUILabelToggle.h">
      <Filter>addons\ofxUI\src</Filter>
    </ClInclude>
    <ClInclude Include="..\addons\ofxUI\src\ofxUIMinimalSlider.h">
      <Filter>addons\ofxUI\src</Filter>
    </ClInclude>
    <ClInclude Include="..\addons\ofxUI\src\ofxUIMovingGraph.h">
      <Filter>addons\ofxUI\src</Filter>
    </ClInclude>
    <ClInclude Include="..\addons\ofxUI\src\ofxUIMultiImageButton.h">
      <Filter>addons\ofxUI\src</Filter>
    </ClInclude>
    <ClInclude Include="..\addons\ofxUI\src\ofxUIMultiImageToggle.h">
      <Filter>addons\ofxUI\src</Filter>
    </ClInclude>
    <ClInclude Include="..\addons\ofxUI\src\ofxUINumberDialer.h">
      <Filter>addons\ofxUI\src</Filter>
    </ClInclude>
    <ClInclude Include="..\addons\ofxUI\src\ofxUIOFWrapper.h">
      <Filter>addons\ofxUI\src</Filter>
    </ClInclude>
    <ClInclude Include="..\addons\ofxUI\src\ofxUIRadio.h">
      <Filter>addons\ofxUI\src</Filter>
    </ClInclude>
    <ClInclude Include="..\addons\ofxUI\src\ofxUIRangeSlider.h">
      <Filter>addons\ofxUI\src</Filter>
    </ClInclude>
    <ClInclude Include="..\addons\ofxUI\src\ofxUIRectangle.h">
      <Filter>addons\ofxUI\src</Filter>
    </ClInclude>
    <ClInclude Include="..\addons\ofxUI\src\ofxUIRotarySlider.h">
      <Filter>addons\ofxUI\src</Filter>
    </ClInclude>
    <ClInclude Include="..\addons\ofxUI\src\ofxUIScrollableCanvas.h">
      <Filter>addons\ofxUI\src</Filter>
    </ClInclude>
    <ClInclude Include="..\addons\ofxUI\src\ofxUISlider.h">
      <Filter>addons\ofxUI\src</Filter>
    </ClInclude>
    <ClInclude Include="..\addons\ofxUI\src\ofxUISortableList.h">
      <Filter>addons\ofxUI\src</Filter>
    </ClInclude>
    <ClInclude Include="..\addons\ofxUI\src\ofxUISpacer.h">
      <Filter>addons\ofxUI\src</Filter>
    </ClInclude>
    <ClInclude Include="..\addons\ofxUI\src\ofxUISpectrum.h">
      <Filter>addons\ofxUI\src</Filter>
    </ClInclude>
    <ClInclude Include="..\addons\ofxUI\src\ofxUISuperCanvas.h">
      <Filter>addons\ofxUI\src</Filter>
    </ClInclude>
    <ClInclude Include="..\addons\ofxUI\src\ofxUITabBar.h">
      <Filter>addons\ofxUI\src</Filter>
    </ClInclude>
    <ClInclude Include="..\addons\ofxUI\src\ofxUITextArea.h">
      <Filter>addons\ofxUI\src</Filter>
    </ClInclude>
    <ClInclude Include="..\addons\ofxUI\src\ofxUITextInput.h">
      <Filter>addons\ofxUI\src</Filter>
    </ClInclude>
    <ClInclude Include="..\addons\ofxUI\src\ofxUIToggle.h">
      <Filter>addons\ofxUI\src</Filter>
    </ClInclude>
    <ClInclude Include="..\addons\ofxUI\src\ofxUIToggleMatrix.h">
      <Filter>addons\ofxUI\src</Filter>
    </ClInclude>
    <ClInclude Include="..\addons\ofxUI\src\ofxUIUtils.h">
      <Filter>addons\ofxUI\src</Filter>
    </ClInclude>
    <ClInclude Include="..\addons\ofxUI\src\ofxUIValuePlotter.h">
      <Filter>addons\ofxUI\src</Filter>
    </ClInclude>
    <ClInclude Include="..\addons\ofxUI\src\ofxUIWaveform.h">
      <Filter>addons\ofxUI\src</Filter>
    </ClInclude>
    <ClInclude Include="..\addons\ofxUI\src\ofxUIWidget.h">
      <Filter>addons\ofxUI\src</Filter>
    </ClInclude>
    <ClInclude Include="..\addons\ofxUI\src\ofxUIWidgets.h">
      <Filter>addons\ofxUI\src</Filter>
    </ClInclude>
    <ClInclude Include="..\addons\ofxUI\src\ofxUIWidgetWithLabel.h">
      <Filter>addons\ofxUI\src</Filter>
    </ClInclude>
    <ClInclude Include="..\addons\ofxUI\src\ofxUIWrapper.h">
      <Filter>addons\ofxUI\src</Filter>
    </ClInclude>
    <ClInclude Include="..\addons\ofxXmlSettings\src\ofxXmlSettings.h">
      <Filter>addons\ofxXmlSettings\src</Filter>
    </ClInclude>
    <ClInclude Include="..\addons\ofxXmlSettings\libs\tinyxml.h">
      <Filter>addons\ofxXmlSettings\libs</Filter>
    </ClInclude>
    <ClInclude Include="src\TestCases.h">
      <Filter>src</Filter>
    </ClInclude>
    <ClInclude Include="..\addons\ofxSpriteRenderer\ofxTexture.h">
      <Filter>addons\ofxSpriteRenderer</Filter>
    </ClInclude>
    <ClInclude Include="..\addons\ofxSpriteRenderer\ofxShader.h">
      <Filter>addons\ofxSpriteRenderer</Filter>
    </ClInclude>
    <ClInclude Include="..\addons\ofxSpriteRenderer\ofxResource.h">
      <Filter>addons\ofxSpriteRenderer</Filter>
    </ClInclude>
    <ClInclude Include="..\addons\ofxSpriteRenderer\ofxShaderCache.h">
      <Filter>addons\ofxSpriteRenderer</Filter>
    </ClInclude>
    <ClInclude Include="..\addons\ofxSpriteRenderer\ofxTextureCache.h">
      <Filter>addons\ofxSpriteRenderer</Filter>
    </ClInclude>
    <ClInclude Include="..\addons\ofxSpriteRenderer\ofxShaderProgram.h">
      <Filter>addons\ofxSpriteRenderer</Filter>
    </ClInclude>
    <ClInclude Include="..\addons\ofxSpriteRenderer\ofxShaderProgramCache.h">
      <Filter>addons\ofxSpriteRenderer</Filter>
    </ClInclude>
    <ClInclude Include="..\addons\ofxTerrain\ofxTerrain.h">
      <Filter>addons\ofxTerrain</Filter>
    </ClInclude>
    <ClInclude Include="..\addons\ofxTerrain\ofxTile.h">
      <Filter>addons\ofxTerrain</Filter>
    </ClInclude>
    <ClInclude Include="..\addons\ofxSpriteRenderer\ofxSpriteText.h">
      <Filter>addons\ofxSpriteRenderer</Filter>
    </ClInclude>
    <ClInclude Include="..\addons\ofxSpriteRenderer\ofxSpriteBase.h">
      <Filter>addons\ofxSpriteRenderer</Filter>
    </ClInclude>
    <ClInclude Include="..\addons\ofxSpriteRenderer\ofxParticleEffect2D.h">
      <Filter>addons\ofxSpriteRenderer</Filter>
    </ClInclude>
    <ClInclude Include="..\Addons\ofxSpriteRenderer\ofxParticleEffect3D.h">
      <Filter>addons\ofxSpriteRenderer</Filter>
    </ClInclude>
  </ItemGroup>
</Project>