<?xml version="1.0" encoding="utf-8"?>
<Project ToolsVersion="4.0" xmlns="http://schemas.microsoft.com/developer/msbuild/2003">
  <ItemGroup>
    <ClCompile Include="src\ofApp.cpp">
      <Filter>src</Filter>
    </ClCompile>
    <ClCompile Include="src\main.cpp">
      <Filter>src</Filter>
    </ClCompile>
    <ClCompile Include="..\addons\ofxRecast\InputGeom.cpp">
      <Filter>addons\ofxRecast</Filter>
    </ClCompile>
    <ClCompile Include="..\addons\ofxRecast\NavMesh.cpp">
      <Filter>addons\ofxRecast</Filter>
    </ClCompile>
    <ClCompile Include="..\addons\ofxRecast\NavMeshRender.cpp">
      <Filter>addons\ofxRecast</Filter>
    </ClCompile>
    <ClCompile Include="..\addons\ofxRecast\RecastHelper.cpp">
      <Filter>addons\ofxRecast</Filter>
    </ClCompile>
    <ClCompile Include="..\addons\ofxRecast\fastlz\fastlz.c">
      <Filter>addons\ofxRecast\fastlz</Filter>
    </ClCompile>
    <ClCompile Include="..\addons\ofxRecast\recastnavigation\DebugUtils\Source\DebugDraw.cpp">
      <Filter>addons\ofxRecast\recastnavigation\DebugUtils</Filter>
    </ClCompile>
    <ClCompile Include="..\addons\ofxRecast\recastnavigation\DebugUtils\Source\DetourDebugDraw.cpp">
      <Filter>addons\ofxRecast\recastnavigation\DebugUtils</Filter>
    </ClCompile>
    <ClCompile Include="..\addons\ofxRecast\recastnavigation\DebugUtils\Source\RecastDebugDraw.cpp">
      <Filter>addons\ofxRecast\recastnavigation\DebugUtils</Filter>
    </ClCompile>
    <ClCompile Include="..\addons\ofxRecast\recastnavigation\DebugUtils\Source\RecastDump.cpp">
      <Filter>addons\ofxRecast\recastnavigation\DebugUtils</Filter>
    </ClCompile>
    <ClCompile Include="..\addons\ofxRecast\recastnavigation\Recast\Source\Recast.cpp">
      <Filter>addons\ofxRecast\recastnavigation\Recast</Filter>
    </ClCompile>
    <ClCompile Include="..\addons\ofxRecast\recastnavigation\Recast\Source\RecastAlloc.cpp">
      <Filter>addons\ofxRecast\recastnavigation\Recast</Filter>
    </ClCompile>
    <ClCompile Include="..\addons\ofxRecast\recastnavigation\Recast\Source\RecastArea.cpp">
      <Filter>addons\ofxRecast\recastnavigation\Recast</Filter>
    </ClCompile>
    <ClCompile Include="..\addons\ofxRecast\recastnavigation\Recast\Source\RecastContour.cpp">
      <Filter>addons\ofxRecast\recastnavigation\Recast</Filter>
    </ClCompile>
    <ClCompile Include="..\addons\ofxRecast\recastnavigation\Recast\Source\RecastFilter.cpp">
      <Filter>addons\ofxRecast\recastnavigation\Recast</Filter>
    </ClCompile>
    <ClCompile Include="..\addons\ofxRecast\recastnavigation\Recast\Source\RecastLayers.cpp">
      <Filter>addons\ofxRecast\recastnavigation\Recast</Filter>
    </ClCompile>
    <ClCompile Include="..\addons\ofxRecast\recastnavigation\Recast\Source\RecastMesh.cpp">
      <Filter>addons\ofxRecast\recastnavigation\Recast</Filter>
    </ClCompile>
    <ClCompile Include="..\addons\ofxRecast\recastnavigation\Recast\Source\RecastMeshDetail.cpp">
      <Filter>addons\ofxRecast\recastnavigation\Recast</Filter>
    </ClCompile>
    <ClCompile Include="..\addons\ofxRecast\recastnavigation\Recast\Source\RecastRasterization.cpp">
      <Filter>addons\ofxRecast\recastnavigation\Recast</Filter>
    </ClCompile>
    <ClCompile Include="..\addons\ofxRecast\recastnavigation\Recast\Source\RecastRegion.cpp">
      <Filter>addons\ofxRecast\recastnavigation\Recast</Filter>
    </ClCompile>
    <ClCompile Include="..\addons\ofxRecast\recastnavigation\DetourTileCache\Source\DetourTileCache.cpp">
      <Filter>addons\ofxRecast\recastnavigation\DetourTileCache</Filter>
    </ClCompile>
    <ClCompile Include="..\addons\ofxRecast\recastnavigation\DetourTileCache\Source\DetourTileCacheBuilder.cpp">
      <Filter>addons\ofxRecast\recastnavigation\DetourTileCache</Filter>
    </ClCompile>
    <ClCompile Include="..\addons\ofxRecast\recastnavigation\DetourCrowd\Source\DetourCrowd.cpp">
      <Filter>addons\ofxRecast\recastnavigation\DetourCrowd</Filter>
    </ClCompile>
    <ClCompile Include="..\addons\ofxRecast\recastnavigation\DetourCrowd\Source\DetourLocalBoundary.cpp">
      <Filter>addons\ofxRecast\recastnavigation\DetourCrowd</Filter>
    </ClCompile>
    <ClCompile Include="..\addons\ofxRecast\recastnavigation\DetourCrowd\Source\DetourObstacleAvoidance.cpp">
      <Filter>addons\ofxRecast\recastnavigation\DetourCrowd</Filter>
    </ClCompile>
    <ClCompile Include="..\addons\ofxRecast\recastnavigation\DetourCrowd\Source\DetourPathCorridor.cpp">
      <Filter>addons\ofxRecast\recastnavigation\DetourCrowd</Filter>
    </ClCompile>
    <ClCompile Include="..\addons\ofxRecast\recastnavigation\DetourCrowd\Source\DetourPathQueue.cpp">
      <Filter>addons\ofxRecast\recastnavigation\DetourCrowd</Filter>
    </ClCompile>
    <ClCompile Include="..\addons\ofxRecast\recastnavigation\DetourCrowd\Source\DetourProximityGrid.cpp">
      <Filter>addons\ofxRecast\recastnavigation\DetourCrowd</Filter>
    </ClCompile>
    <ClCompile Include="..\addons\ofxRecast\recastnavigation\Detour\Source\DetourAlloc.cpp">
      <Filter>addons\ofxRecast\recastnavigation\Detour</Filter>
    </ClCompile>
    <ClCompile Include="..\addons\ofxRecast\recastnavigation\Detour\Source\DetourCommon.cpp">
      <Filter>addons\ofxRecast\recastnavigation\Detour</Filter>
    </ClCompile>
    <ClCompile Include="..\addons\ofxRecast\recastnavigation\Detour\Source\DetourNavMesh.cpp">
      <Filter>addons\ofxRecast\recastnavigation\Detour</Filter>
    </ClCompile>
    <ClCompile Include="..\addons\ofxRecast\recastnavigation\Detour\Source\DetourNavMeshBuilder.cpp">
      <Filter>addons\ofxRecast\recastnavigation\Detour</Filter>
    </ClCompile>
    <ClCompile Include="..\addons\ofxRecast\recastnavigation\Detour\Source\DetourNavMeshQuery.cpp">
      <Filter>addons\ofxRecast\recastnavigation\Detour</Filter>
    </ClCompile>
    <ClCompile Include="..\addons\ofxRecast\recastnavigation\Detour\Source\DetourNode.cpp">
      <Filter>addons\ofxRecast\recastnavigation\Detour</Filter>
    </ClCompile>
    <ClCompile Include="..\addons\ofxOrthoCamera\ofxOrthoCamera.cpp">
      <Filter>addons\ofxOrthoCamera</Filter>
    </ClCompile>
    <ClCompile Include="..\addons\ofxSpriteRenderer\ofxSpriteRenderer.cpp">
      <Filter>addons\ofxSpriteRenderer</Filter>
    </ClCompile>
    <ClCompile Include="..\addons\ofxSpriteRenderer\ofxSpriteAnimation.cpp">
      <Filter>addons\ofxSpriteRenderer</Filter>
    </ClCompile>
    <ClCompile Include="..\addons\ofxSpriteRenderer\ofxSpriteCommand.cpp">
      <Filter>addons\ofxSpriteRenderer</Filter>
    </ClCompile>
    <ClCompile Include="..\addons\ofxSpriteRenderer\ofxSpriteMaterial.cpp">
      <Filter>addons\ofxSpriteRenderer</Filter>
    </ClCompile>
    <ClCompile Include="..\addons\ofxSpriteRenderer\ofxSpriteQuad.cpp">
      <Filter>addons\ofxSpriteRenderer</Filter>
    </ClCompile>
  </ItemGroup>
  <ItemGroup>
    <Filter Include="src">
      <UniqueIdentifier>{d8376475-7454-4a24-b08a-aac121d3ad6f}</UniqueIdentifier>
    </Filter>
    <Filter Include="addons">
      <UniqueIdentifier>{71834F65-F3A9-211E-73B8-DC85}</UniqueIdentifier>
    </Filter>
    <Filter Include="addons\ofxNetwork">
      <UniqueIdentifier>{01A15744-29A6-108D-08E9-83A7}</UniqueIdentifier>
    </Filter>
    <Filter Include="addons\ofxNetwork\src">
      <UniqueIdentifier>{3D1C10C7-8F35-E796-9C70-F5F3}</UniqueIdentifier>
    </Filter>
    <Filter Include="addons\ofxXmlSettings">
      <UniqueIdentifier>{877F005D-13E6-0592-1D97-F2E3}</UniqueIdentifier>
    </Filter>
    <Filter Include="addons\ofxXmlSettings\src">
      <UniqueIdentifier>{CCB2AC63-49D2-977C-CFE8-AEAD}</UniqueIdentifier>
    </Filter>
    <Filter Include="addons\ofxXmlSettings\libs">
      <UniqueIdentifier>{687714A8-1662-FA1C-261F-50F0}</UniqueIdentifier>
    </Filter>
    <Filter Include="addons\ofxFont">
      <UniqueIdentifier>{23EA1DFA-AA5F-18E5-C206-F705}</UniqueIdentifier>
    </Filter>
    <Filter Include="addons\ofxFont\src">
      <UniqueIdentifier>{37D452D4-B0DF-B43F-6D0A-B183}</UniqueIdentifier>
    </Filter>
    <Filter Include="addons\ofxFont\src\bridge">
      <UniqueIdentifier>{A246B703-BF9F-5BB6-B7CB-E5A7}</UniqueIdentifier>
    </Filter>
    <Filter Include="addons\ofxFX">
      <UniqueIdentifier>{54067F17-D691-C8D5-A60C-8B15}</UniqueIdentifier>
    </Filter>
    <Filter Include="addons\ofxFX\src">
      <UniqueIdentifier>{97D4701D-86BD-D02B-CE02-0C34}</UniqueIdentifier>
    </Filter>
    <Filter Include="addons\ofxFX\src\composers">
      <UniqueIdentifier>{4C3B9E56-1307-1B87-A0CC-CAA5}</UniqueIdentifier>
    </Filter>
    <Filter Include="addons\ofxFX\src\filters">
      <UniqueIdentifier>{EEFEFA5B-9FF5-F358-2F4A-BC5A}</UniqueIdentifier>
    </Filter>
    <Filter Include="addons\ofxFX\src\generative">
      <UniqueIdentifier>{47CDF68F-3CB9-C2A3-96DC-EE22}</UniqueIdentifier>
    </Filter>
    <Filter Include="addons\ofxFX\src\operations">
      <UniqueIdentifier>{98E7BD88-03E0-D5B4-C028-9281}</UniqueIdentifier>
    </Filter>
    <Filter Include="addons\ofxOpenSteer">
      <UniqueIdentifier>{E1FD5286-5FB8-27EF-B92F-B8D4}</UniqueIdentifier>
    </Filter>
    <Filter Include="addons\ofxOpenSteer\src">
      <UniqueIdentifier>{3C024918-01BA-3A6B-6501-21B9}</UniqueIdentifier>
    </Filter>
    <Filter Include="addons\ofxOpenSteer\libs">
      <UniqueIdentifier>{7A40A33E-9801-51E3-C4A3-4793}</UniqueIdentifier>
    </Filter>
    <Filter Include="addons\ofxOpenSteer\libs\opensteer">
      <UniqueIdentifier>{437264C5-1925-9F04-55CA-63C2}</UniqueIdentifier>
    </Filter>
    <Filter Include="addons\ofxOpenSteer\libs\opensteer\include">
      <UniqueIdentifier>{808141CE-746A-3D12-A05F-01DE}</UniqueIdentifier>
    </Filter>
    <Filter Include="addons\ofxOpenSteer\libs\opensteer\include\OpenSteer">
      <UniqueIdentifier>{14FAF9B9-ADCB-A61A-9E5B-968A}</UniqueIdentifier>
    </Filter>
    <Filter Include="addons\ofxOpenSteer\libs\opensteer\src">
      <UniqueIdentifier>{2486BB91-96F2-877A-C336-EBA3}</UniqueIdentifier>
    </Filter>
    <Filter Include="addons\ofxPostProcessing">
      <UniqueIdentifier>{AB514210-24FF-87A6-AE4B-9AE5}</UniqueIdentifier>
    </Filter>
    <Filter Include="addons\ofxPostProcessing\src">
      <UniqueIdentifier>{8E4D751F-6272-927D-3C6E-AFCE}</UniqueIdentifier>
    </Filter>
    <Filter Include="addons\ofxUI">
      <UniqueIdentifier>{B492C5B0-FF91-9C5A-638A-3142}</UniqueIdentifier>
    </Filter>
    <Filter Include="addons\ofxUI\src">
      <UniqueIdentifier>{A00C2D23-6C11-BC86-3993-2CF0}</UniqueIdentifier>
    </Filter>
    <Filter Include="addons\ofxRecast">
      <UniqueIdentifier>{8fe32de8-b80c-4abc-a1e4-e31daf56e3d9}</UniqueIdentifier>
    </Filter>
    <Filter Include="addons\ofxRecast\fastlz">
      <UniqueIdentifier>{98c5bfac-75d0-4b93-b372-e0b4cdd6e451}</UniqueIdentifier>
    </Filter>
    <Filter Include="addons\ofxRecast\recastnavigation">
      <UniqueIdentifier>{9084f76b-7133-45f3-80fb-69a2ac10d6d9}</UniqueIdentifier>
    </Filter>
    <Filter Include="addons\ofxRecast\recastnavigation\DebugUtils">
      <UniqueIdentifier>{fbc092f5-b920-4faa-8eb4-9191218da713}</UniqueIdentifier>
    </Filter>
    <Filter Include="addons\ofxRecast\recastnavigation\Detour">
      <UniqueIdentifier>{17595311-169c-4541-8816-efccc202b2fb}</UniqueIdentifier>
    </Filter>
    <Filter Include="addons\ofxRecast\recastnavigation\DetourCrowd">
      <UniqueIdentifier>{eac3afae-b091-4f9b-9374-7731b4b9440a}</UniqueIdentifier>
    </Filter>
    <Filter Include="addons\ofxRecast\recastnavigation\DetourTileCache">
      <UniqueIdentifier>{37d5eea9-09a5-4a76-8db9-cc52296b8a30}</UniqueIdentifier>
    </Filter>
    <Filter Include="addons\ofxRecast\recastnavigation\Recast">
      <UniqueIdentifier>{d26a00d3-d8d6-4a8c-abb6-7212d93e4c81}</UniqueIdentifier>
    </Filter>
    <Filter Include="addons\ofxOrthoCamera">
      <UniqueIdentifier>{8f36609f-d336-48e0-92aa-a53738afb4e0}</UniqueIdentifier>
    </Filter>
    <Filter Include="addons\ofxSpriteRenderer">
      <UniqueIdentifier>{8d1a721d-41b4-467f-875d-fad03f12c0c1}</UniqueIdentifier>
    </Filter>
  </ItemGroup>
  <ItemGroup>
    <ClInclude Include="src\ofApp.h">
      <Filter>src</Filter>
    </ClInclude>
    <ClInclude Include="..\addons\ofxRecast\InputGeom.h">
      <Filter>addons\ofxRecast</Filter>
    </ClInclude>
    <ClInclude Include="..\addons\ofxRecast\RecastHelper.h">
      <Filter>addons\ofxRecast</Filter>
    </ClInclude>
    <ClInclude Include="..\addons\ofxRecast\NavMesh.h">
      <Filter>addons\ofxRecast</Filter>
    </ClInclude>
    <ClInclude Include="..\addons\ofxRecast\NavMeshRender.h">
      <Filter>addons\ofxRecast</Filter>
    </ClInclude>
    <ClInclude Include="..\addons\ofxRecast\fastlz\fastlz.h">
      <Filter>addons\ofxRecast\fastlz</Filter>
    </ClInclude>
    <ClInclude Include="..\addons\ofxRecast\recastnavigation\DebugUtils\Include\DebugDraw.h">
      <Filter>addons\ofxRecast\recastnavigation\DebugUtils</Filter>
    </ClInclude>
    <ClInclude Include="..\addons\ofxRecast\recastnavigation\DebugUtils\Include\DetourDebugDraw.h">
      <Filter>addons\ofxRecast\recastnavigation\DebugUtils</Filter>
    </ClInclude>
    <ClInclude Include="..\addons\ofxRecast\recastnavigation\DebugUtils\Include\RecastDebugDraw.h">
      <Filter>addons\ofxRecast\recastnavigation\DebugUtils</Filter>
    </ClInclude>
    <ClInclude Include="..\addons\ofxRecast\recastnavigation\DebugUtils\Include\RecastDump.h">
      <Filter>addons\ofxRecast\recastnavigation\DebugUtils</Filter>
    </ClInclude>
    <ClInclude Include="..\addons\ofxRecast\recastnavigation\Recast\Include\Recast.h">
      <Filter>addons\ofxRecast\recastnavigation\Recast</Filter>
    </ClInclude>
    <ClInclude Include="..\addons\ofxRecast\recastnavigation\Recast\Include\RecastAlloc.h">
      <Filter>addons\ofxRecast\recastnavigation\Recast</Filter>
    </ClInclude>
    <ClInclude Include="..\addons\ofxRecast\recastnavigation\Recast\Include\RecastAssert.h">
      <Filter>addons\ofxRecast\recastnavigation\Recast</Filter>
    </ClInclude>
    <ClInclude Include="..\addons\ofxRecast\recastnavigation\DetourTileCache\Include\DetourTileCache.h">
      <Filter>addons\ofxRecast\recastnavigation\DetourTileCache</Filter>
    </ClInclude>
    <ClInclude Include="..\addons\ofxRecast\recastnavigation\DetourTileCache\Include\DetourTileCacheBuilder.h">
      <Filter>addons\ofxRecast\recastnavigation\DetourTileCache</Filter>
    </ClInclude>
    <ClInclude Include="..\addons\ofxRecast\recastnavigation\DetourCrowd\Include\DetourCrowd.h">
      <Filter>addons\ofxRecast\recastnavigation\DetourCrowd</Filter>
    </ClInclude>
    <ClInclude Include="..\addons\ofxRecast\recastnavigation\DetourCrowd\Include\DetourLocalBoundary.h">
      <Filter>addons\ofxRecast\recastnavigation\DetourCrowd</Filter>
    </ClInclude>
    <ClInclude Include="..\addons\ofxRecast\recastnavigation\DetourCrowd\Include\DetourObstacleAvoidance.h">
      <Filter>addons\ofxRecast\recastnavigation\DetourCrowd</Filter>
    </ClInclude>
    <ClInclude Include="..\addons\ofxRecast\recastnavigation\DetourCrowd\Include\DetourPathCorridor.h">
      <Filter>addons\ofxRecast\recastnavigation\DetourCrowd</Filter>
    </ClInclude>
    <ClInclude Include="..\addons\ofxRecast\recastnavigation\DetourCrowd\Include\DetourPathQueue.h">
      <Filter>addons\ofxRecast\recastnavigation\DetourCrowd</Filter>
    </ClInclude>
    <ClInclude Include="..\addons\ofxRecast\recastnavigation\DetourCrowd\Include\DetourProximityGrid.h">
      <Filter>addons\ofxRecast\recastnavigation\DetourCrowd</Filter>
    </ClInclude>
    <ClInclude Include="..\addons\ofxRecast\recastnavigation\Detour\Include\DetourAlloc.h">
      <Filter>addons\ofxRecast\recastnavigation\Detour</Filter>
    </ClInclude>
    <ClInclude Include="..\addons\ofxRecast\recastnavigation\Detour\Include\DetourAssert.h">
      <Filter>addons\ofxRecast\recastnavigation\Detour</Filter>
    </ClInclude>
    <ClInclude Include="..\addons\ofxRecast\recastnavigation\Detour\Include\DetourCommon.h">
      <Filter>addons\ofxRecast\recastnavigation\Detour</Filter>
    </ClInclude>
    <ClInclude Include="..\addons\ofxRecast\recastnavigation\Detour\Include\DetourMath.h">
      <Filter>addons\ofxRecast\recastnavigation\Detour</Filter>
    </ClInclude>
    <ClInclude Include="..\addons\ofxRecast\recastnavigation\Detour\Include\DetourNavMesh.h">
      <Filter>addons\ofxRecast\recastnavigation\Detour</Filter>
    </ClInclude>
    <ClInclude Include="..\addons\ofxRecast\recastnavigation\Detour\Include\DetourNavMeshBuilder.h">
      <Filter>addons\ofxRecast\recastnavigation\Detour</Filter>
    </ClInclude>
    <ClInclude Include="..\addons\ofxRecast\recastnavigation\Detour\Include\DetourNavMeshQuery.h">
      <Filter>addons\ofxRecast\recastnavigation\Detour</Filter>
    </ClInclude>
    <ClInclude Include="..\addons\ofxRecast\recastnavigation\Detour\Include\DetourNode.h">
      <Filter>addons\ofxRecast\recastnavigation\Detour</Filter>
    </ClInclude>
    <ClInclude Include="..\addons\ofxRecast\recastnavigation\Detour\Include\DetourStatus.h">
      <Filter>addons\ofxRecast\recastnavigation\Detour</Filter>
    </ClInclude>
    <ClInclude Include="..\addons\ofxOrthoCamera\ofxOrthoCamera.h">
      <Filter>addons\ofxOrthoCamera</Filter>
    </ClInclude>
    <ClInclude Include="..\addons\ofxSpriteRenderer\ofxSpriteCommand.h">
      <Filter>addons\ofxSpriteRenderer</Filter>
    </ClInclude>
    <ClInclude Include="..\addons\ofxSpriteRenderer\ofxSpriteMaterial.h">
      <Filter>addons\ofxSpriteRenderer</Filter>
    </ClInclude>
    <ClInclude Include="..\addons\ofxSpriteRenderer\ofxSpriteQuad.h">
      <Filter>addons\ofxSpriteRenderer</Filter>
    </ClInclude>
    <ClInclude Include="..\addons\ofxSpriteRenderer\ofxSpriteRenderer.h">
      <Filter>addons\ofxSpriteRenderer</Filter>
    </ClInclude>
    <ClInclude Include="..\addons\ofxSpriteRenderer\ofxSpriteAnimation.h">
      <Filter>addons\ofxSpriteRenderer</Filter>
    </ClInclude>
  </ItemGroup>
  <ItemGroup>
    <Resource Include="..\addons\ofxSpriteRenderer\default_shader.frag">
      <Filter>addons\ofxSpriteRenderer</Filter>
    </Resource>
    <Resource Include="..\addons\ofxSpriteRenderer\default_shader.vertex">
      <Filter>addons\ofxSpriteRenderer</Filter>
    </Resource>
  </ItemGroup>
</Project>